// !$*UTF8*$!
{
	archiveVersion = 1;
	classes = {
	};
	objectVersion = 46;
	objects = {

/* Begin PBXBuildFile section */
		99344A661D38DB8E00380864 /* OperationType.swift in Sources */ = {isa = PBXBuildFile; fileRef = 99344A651D38DB8E00380864 /* OperationType.swift */; };
		99344A6A1D38DC3200380864 /* ArgumentsParser.swift in Sources */ = {isa = PBXBuildFile; fileRef = 99344A691D38DC3200380864 /* ArgumentsParser.swift */; };
		99344A6D1D38DFA200380864 /* Usage.swift in Sources */ = {isa = PBXBuildFile; fileRef = 99344A6C1D38DFA200380864 /* Usage.swift */; };
		99344A6F1D390B5500380864 /* Colors.swift in Sources */ = {isa = PBXBuildFile; fileRef = 99344A6E1D390B5500380864 /* Colors.swift */; };
		99922B291D30353800B63BC4 /* Validator.swift in Sources */ = {isa = PBXBuildFile; fileRef = 99922B281D30353800B63BC4 /* Validator.swift */; };
		99922B2B1D306B6B00B63BC4 /* Version.swift in Sources */ = {isa = PBXBuildFile; fileRef = 99922B2A1D306B6B00B63BC4 /* Version.swift */; };
		999D35561D2EE6E700C0184A /* main.swift in Sources */ = {isa = PBXBuildFile; fileRef = 999D35551D2EE6E700C0184A /* main.swift */; };
		99CF695E1D2FE3E7001FFE03 /* AssetsFinder.swift in Sources */ = {isa = PBXBuildFile; fileRef = 99CF695D1D2FE3E7001FFE03 /* AssetsFinder.swift */; };
		99CF69601D2FE76C001FFE03 /* ImageFinder.swift in Sources */ = {isa = PBXBuildFile; fileRef = 99CF695F1D2FE76B001FFE03 /* ImageFinder.swift */; };
		99CF69621D2FEAF9001FFE03 /* ImageAssetParser.swift in Sources */ = {isa = PBXBuildFile; fileRef = 99CF69611D2FEAF9001FFE03 /* ImageAssetParser.swift */; };
		99CF69641D2FF2DA001FFE03 /* ResourceesClassGenerator.swift in Sources */ = {isa = PBXBuildFile; fileRef = 99CF69631D2FF2DA001FFE03 /* ResourceesClassGenerator.swift */; };
/* End PBXBuildFile section */

/* Begin PBXCopyFilesBuildPhase section */
		999D35501D2EE6E700C0184A /* CopyFiles */ = {
			isa = PBXCopyFilesBuildPhase;
			buildActionMask = 2147483647;
			dstPath = /usr/share/man/man1/;
			dstSubfolderSpec = 0;
			files = (
			);
			runOnlyForDeploymentPostprocessing = 1;
		};
/* End PBXCopyFilesBuildPhase section */

/* Begin PBXFileReference section */
		9909F5221D3226710051FE1D /* LICENSE */ = {isa = PBXFileReference; fileEncoding = 4; lastKnownFileType = text; name = LICENSE; path = ../LICENSE; sourceTree = "<group>"; };
		9909F5231D3226710051FE1D /* README.md */ = {isa = PBXFileReference; fileEncoding = 4; lastKnownFileType = net.daringfireball.markdown; name = README.md; path = ../README.md; sourceTree = "<group>"; };
		99344A651D38DB8E00380864 /* OperationType.swift */ = {isa = PBXFileReference; fileEncoding = 4; lastKnownFileType = sourcecode.swift; path = OperationType.swift; sourceTree = "<group>"; };
		99344A691D38DC3200380864 /* ArgumentsParser.swift */ = {isa = PBXFileReference; fileEncoding = 4; lastKnownFileType = sourcecode.swift; path = ArgumentsParser.swift; sourceTree = "<group>"; };
		99344A6C1D38DFA200380864 /* Usage.swift */ = {isa = PBXFileReference; fileEncoding = 4; lastKnownFileType = sourcecode.swift; path = Usage.swift; sourceTree = "<group>"; };
		99344A6E1D390B5500380864 /* Colors.swift */ = {isa = PBXFileReference; fileEncoding = 4; lastKnownFileType = sourcecode.swift; path = Colors.swift; sourceTree = "<group>"; };
		99922B281D30353800B63BC4 /* Validator.swift */ = {isa = PBXFileReference; fileEncoding = 4; lastKnownFileType = sourcecode.swift; path = Validator.swift; sourceTree = "<group>"; };
		99922B2A1D306B6B00B63BC4 /* Version.swift */ = {isa = PBXFileReference; fileEncoding = 4; lastKnownFileType = sourcecode.swift; path = Version.swift; sourceTree = "<group>"; };
		999D35521D2EE6E700C0184A /* Regen */ = {isa = PBXFileReference; explicitFileType = "compiled.mach-o.executable"; includeInIndex = 0; path = Regen; sourceTree = BUILT_PRODUCTS_DIR; };
		999D35551D2EE6E700C0184A /* main.swift */ = {isa = PBXFileReference; lastKnownFileType = sourcecode.swift; path = main.swift; sourceTree = "<group>"; };
		99CF695D1D2FE3E7001FFE03 /* AssetsFinder.swift */ = {isa = PBXFileReference; fileEncoding = 4; lastKnownFileType = sourcecode.swift; path = AssetsFinder.swift; sourceTree = "<group>"; };
		99CF695F1D2FE76B001FFE03 /* ImageFinder.swift */ = {isa = PBXFileReference; fileEncoding = 4; lastKnownFileType = sourcecode.swift; path = ImageFinder.swift; sourceTree = "<group>"; };
		99CF69611D2FEAF9001FFE03 /* ImageAssetParser.swift */ = {isa = PBXFileReference; fileEncoding = 4; lastKnownFileType = sourcecode.swift; path = ImageAssetParser.swift; sourceTree = "<group>"; };
		99CF69631D2FF2DA001FFE03 /* ResourceesClassGenerator.swift */ = {isa = PBXFileReference; fileEncoding = 4; lastKnownFileType = sourcecode.swift; path = ResourceesClassGenerator.swift; sourceTree = "<group>"; };
/* End PBXFileReference section */

/* Begin PBXFrameworksBuildPhase section */
		999D354F1D2EE6E700C0184A /* Frameworks */ = {
			isa = PBXFrameworksBuildPhase;
			buildActionMask = 2147483647;
			files = (
			);
			runOnlyForDeploymentPostprocessing = 0;
		};
/* End PBXFrameworksBuildPhase section */

/* Begin PBXGroup section */
		9909F5211D3226570051FE1D /* Support Files */ = {
			isa = PBXGroup;
			children = (
				9909F5221D3226710051FE1D /* LICENSE */,
				9909F5231D3226710051FE1D /* README.md */,
			);
			name = "Support Files";
			sourceTree = "<group>";
		};
		99344A631D38D41B00380864 /* Images */ = {
			isa = PBXGroup;
			children = (
				99CF695D1D2FE3E7001FFE03 /* AssetsFinder.swift */,
				99CF695F1D2FE76B001FFE03 /* ImageFinder.swift */,
				99CF69611D2FEAF9001FFE03 /* ImageAssetParser.swift */,
				99CF69631D2FF2DA001FFE03 /* ResourceesClassGenerator.swift */,
				99922B281D30353800B63BC4 /* Validator.swift */,
			);
			name = Images;
			sourceTree = "<group>";
		};
		99344A671D38DBAD00380864 /* Strings */ = {
			isa = PBXGroup;
			children = (
			);
			name = Strings;
			sourceTree = "<group>";
		};
		99344A6B1D38DF8D00380864 /* Usage */ = {
			isa = PBXGroup;
			children = (
				99344A6C1D38DFA200380864 /* Usage.swift */,
			);
			name = Usage;
			sourceTree = "<group>";
		};
		99344A701D390B7000380864 /* Utils */ = {
			isa = PBXGroup;
			children = (
				99344A6E1D390B5500380864 /* Colors.swift */,
			);
			name = Utils;
			sourceTree = "<group>";
		};
		999D35491D2EE6E700C0184A = {
			isa = PBXGroup;
			children = (
				999D35541D2EE6E700C0184A /* Regen */,
				9909F5211D3226570051FE1D /* Support Files */,
				999D35531D2EE6E700C0184A /* Products */,
			);
			sourceTree = "<group>";
		};
		999D35531D2EE6E700C0184A /* Products */ = {
			isa = PBXGroup;
			children = (
				999D35521D2EE6E700C0184A /* Regen */,
			);
			name = Products;
			sourceTree = "<group>";
		};
		999D35541D2EE6E700C0184A /* Regen */ = {
			isa = PBXGroup;
			children = (
				99344A701D390B7000380864 /* Utils */,
				99344A6B1D38DF8D00380864 /* Usage */,
				99344A671D38DBAD00380864 /* Strings */,
				99344A631D38D41B00380864 /* Images */,
				99344A651D38DB8E00380864 /* OperationType.swift */,
				99344A691D38DC3200380864 /* ArgumentsParser.swift */,
				999D35551D2EE6E700C0184A /* main.swift */,
				99922B2A1D306B6B00B63BC4 /* Version.swift */,
			);
			name = Regen;
			path = SafeAsset;
			sourceTree = "<group>";
		};
/* End PBXGroup section */

/* Begin PBXNativeTarget section */
		999D35511D2EE6E700C0184A /* Regen */ = {
			isa = PBXNativeTarget;
			buildConfigurationList = 999D35591D2EE6E700C0184A /* Build configuration list for PBXNativeTarget "Regen" */;
			buildPhases = (
				999D354E1D2EE6E700C0184A /* Sources */,
				999D354F1D2EE6E700C0184A /* Frameworks */,
				999D35501D2EE6E700C0184A /* CopyFiles */,
			);
			buildRules = (
			);
			dependencies = (
			);
			name = Regen;
			productName = SafeAsset;
			productReference = 999D35521D2EE6E700C0184A /* Regen */;
			productType = "com.apple.product-type.tool";
		};
/* End PBXNativeTarget section */

/* Begin PBXProject section */
		999D354A1D2EE6E700C0184A /* Project object */ = {
			isa = PBXProject;
			attributes = {
				LastSwiftUpdateCheck = 0730;
				LastUpgradeCheck = 0730;
				ORGANIZATIONNAME = "Ido Mizrachi";
				TargetAttributes = {
					999D35511D2EE6E700C0184A = {
						CreatedOnToolsVersion = 7.3.1;
					};
				};
			};
			buildConfigurationList = 999D354D1D2EE6E700C0184A /* Build configuration list for PBXProject "Regen" */;
			compatibilityVersion = "Xcode 3.2";
			developmentRegion = English;
			hasScannedForEncodings = 0;
			knownRegions = (
				en,
			);
			mainGroup = 999D35491D2EE6E700C0184A;
			productRefGroup = 999D35531D2EE6E700C0184A /* Products */;
			projectDirPath = "";
			projectRoot = "";
			targets = (
				999D35511D2EE6E700C0184A /* Regen */,
			);
		};
/* End PBXProject section */

/* Begin PBXSourcesBuildPhase section */
		999D354E1D2EE6E700C0184A /* Sources */ = {
			isa = PBXSourcesBuildPhase;
			buildActionMask = 2147483647;
			files = (
				99CF69641D2FF2DA001FFE03 /* ResourceesClassGenerator.swift in Sources */,
				99344A6F1D390B5500380864 /* Colors.swift in Sources */,
				99344A6A1D38DC3200380864 /* ArgumentsParser.swift in Sources */,
				99CF695E1D2FE3E7001FFE03 /* AssetsFinder.swift in Sources */,
				99CF69621D2FEAF9001FFE03 /* ImageAssetParser.swift in Sources */,
				99344A6D1D38DFA200380864 /* Usage.swift in Sources */,
				99344A661D38DB8E00380864 /* OperationType.swift in Sources */,
				99CF69601D2FE76C001FFE03 /* ImageFinder.swift in Sources */,
				99922B2B1D306B6B00B63BC4 /* Version.swift in Sources */,
				99922B291D30353800B63BC4 /* Validator.swift in Sources */,
				999D35561D2EE6E700C0184A /* main.swift in Sources */,
			);
			runOnlyForDeploymentPostprocessing = 0;
		};
/* End PBXSourcesBuildPhase section */

/* Begin XCBuildConfiguration section */
		999D35571D2EE6E700C0184A /* Debug */ = {
			isa = XCBuildConfiguration;
			buildSettings = {
				ALWAYS_SEARCH_USER_PATHS = NO;
				CLANG_ANALYZER_NONNULL = YES;
				CLANG_CXX_LANGUAGE_STANDARD = "gnu++0x";
				CLANG_CXX_LIBRARY = "libc++";
				CLANG_ENABLE_MODULES = YES;
				CLANG_ENABLE_OBJC_ARC = YES;
				CLANG_WARN_BOOL_CONVERSION = YES;
				CLANG_WARN_CONSTANT_CONVERSION = YES;
				CLANG_WARN_DIRECT_OBJC_ISA_USAGE = YES_ERROR;
				CLANG_WARN_EMPTY_BODY = YES;
				CLANG_WARN_ENUM_CONVERSION = YES;
				CLANG_WARN_INT_CONVERSION = YES;
				CLANG_WARN_OBJC_ROOT_CLASS = YES_ERROR;
				CLANG_WARN_UNREACHABLE_CODE = YES;
				CLANG_WARN__DUPLICATE_METHOD_MATCH = YES;
				CODE_SIGN_IDENTITY = "-";
				COPY_PHASE_STRIP = NO;
				DEBUG_INFORMATION_FORMAT = dwarf;
				ENABLE_STRICT_OBJC_MSGSEND = YES;
				ENABLE_TESTABILITY = YES;
				GCC_C_LANGUAGE_STANDARD = gnu99;
				GCC_DYNAMIC_NO_PIC = NO;
				GCC_NO_COMMON_BLOCKS = YES;
				GCC_OPTIMIZATION_LEVEL = 0;
				GCC_PREPROCESSOR_DEFINITIONS = (
					"DEBUG=1",
					"$(inherited)",
				);
				GCC_WARN_64_TO_32_BIT_CONVERSION = YES;
				GCC_WARN_ABOUT_RETURN_TYPE = YES_ERROR;
				GCC_WARN_UNDECLARED_SELECTOR = YES;
				GCC_WARN_UNINITIALIZED_AUTOS = YES_AGGRESSIVE;
				GCC_WARN_UNUSED_FUNCTION = YES;
				GCC_WARN_UNUSED_VARIABLE = YES;
				MACOSX_DEPLOYMENT_TARGET = 10.11;
				MTL_ENABLE_DEBUG_INFO = YES;
				ONLY_ACTIVE_ARCH = YES;
				SDKROOT = macosx;
				SWIFT_OPTIMIZATION_LEVEL = "-Onone";
			};
			name = Debug;
		};
		999D35581D2EE6E700C0184A /* Release */ = {
			isa = XCBuildConfiguration;
			buildSettings = {
				ALWAYS_SEARCH_USER_PATHS = NO;
				CLANG_ANALYZER_NONNULL = YES;
				CLANG_CXX_LANGUAGE_STANDARD = "gnu++0x";
				CLANG_CXX_LIBRARY = "libc++";
				CLANG_ENABLE_MODULES = YES;
				CLANG_ENABLE_OBJC_ARC = YES;
				CLANG_WARN_BOOL_CONVERSION = YES;
				CLANG_WARN_CONSTANT_CONVERSION = YES;
				CLANG_WARN_DIRECT_OBJC_ISA_USAGE = YES_ERROR;
				CLANG_WARN_EMPTY_BODY = YES;
				CLANG_WARN_ENUM_CONVERSION = YES;
				CLANG_WARN_INT_CONVERSION = YES;
				CLANG_WARN_OBJC_ROOT_CLASS = YES_ERROR;
				CLANG_WARN_UNREACHABLE_CODE = YES;
				CLANG_WARN__DUPLICATE_METHOD_MATCH = YES;
				CODE_SIGN_IDENTITY = "-";
				COPY_PHASE_STRIP = NO;
				DEBUG_INFORMATION_FORMAT = "dwarf-with-dsym";
				ENABLE_NS_ASSERTIONS = NO;
				ENABLE_STRICT_OBJC_MSGSEND = YES;
				GCC_C_LANGUAGE_STANDARD = gnu99;
				GCC_NO_COMMON_BLOCKS = YES;
				GCC_WARN_64_TO_32_BIT_CONVERSION = YES;
				GCC_WARN_ABOUT_RETURN_TYPE = YES_ERROR;
				GCC_WARN_UNDECLARED_SELECTOR = YES;
				GCC_WARN_UNINITIALIZED_AUTOS = YES_AGGRESSIVE;
				GCC_WARN_UNUSED_FUNCTION = YES;
				GCC_WARN_UNUSED_VARIABLE = YES;
				MACOSX_DEPLOYMENT_TARGET = 10.11;
				MTL_ENABLE_DEBUG_INFO = NO;
				SDKROOT = macosx;
			};
			name = Release;
		};
		999D355A1D2EE6E700C0184A /* Debug */ = {
			isa = XCBuildConfiguration;
			buildSettings = {
				PRODUCT_NAME = Regen;
			};
			name = Debug;
		};
		999D355B1D2EE6E700C0184A /* Release */ = {
			isa = XCBuildConfiguration;
			buildSettings = {
				PRODUCT_NAME = Regen;
			};
			name = Release;
		};
/* End XCBuildConfiguration section */

/* Begin XCConfigurationList section */
		999D354D1D2EE6E700C0184A /* Build configuration list for PBXProject "Regen" */ = {
			isa = XCConfigurationList;
			buildConfigurations = (
				999D35571D2EE6E700C0184A /* Debug */,
				999D35581D2EE6E700C0184A /* Release */,
			);
			defaultConfigurationIsVisible = 0;
			defaultConfigurationName = Release;
		};
		999D35591D2EE6E700C0184A /* Build configuration list for PBXNativeTarget "Regen" */ = {
			isa = XCConfigurationList;
			buildConfigurations = (
				999D355A1D2EE6E700C0184A /* Debug */,
				999D355B1D2EE6E700C0184A /* Release */,
			);
			defaultConfigurationIsVisible = 0;
			defaultConfigurationName = Release;
		};
/* End XCConfigurationList section */
	};
	rootObject = 999D354A1D2EE6E700C0184A /* Project object */;
}
