// !$*UTF8*$!
{
	archiveVersion = 1;
	classes = {
	};
	objectVersion = 46;
	objects = {

/* Begin PBXBuildFile section */
		992D521B1F8418EB00258395 /* ClassName.swift in Sources */ = {isa = PBXBuildFile; fileRef = 992D521A1F8418EB00258395 /* ClassName.swift */; };
		994BF8321F8275B9006A62C3 /* ImageNodeItem.swift in Sources */ = {isa = PBXBuildFile; fileRef = 994BF8311F8275B9006A62C3 /* ImageNodeItem.swift */; };
		994BF8341F8275DB006A62C3 /* Property.swift in Sources */ = {isa = PBXBuildFile; fileRef = 994BF8331F8275DB006A62C3 /* Property.swift */; };
		994BF8361F8275FF006A62C3 /* Image.swift in Sources */ = {isa = PBXBuildFile; fileRef = 994BF8351F8275FF006A62C3 /* Image.swift */; };
		99667CD11F8C064B00D4A853 /* FileUtils.swift in Sources */ = {isa = PBXBuildFile; fileRef = 99667CD01F8C064B00D4A853 /* FileUtils.swift */; };
		9977F4681F834C7E00D77D2C /* Tree.swift in Sources */ = {isa = PBXBuildFile; fileRef = 9977F4671F834C7E00D77D2C /* Tree.swift */; };
		99ABD9F41EC7185D00032E1B /* OperationTimer.swift in Sources */ = {isa = PBXBuildFile; fileRef = 99ABD9F31EC7185D00032E1B /* OperationTimer.swift */; };
		99AF6AF21EC5EB9600C91BA8 /* Logger.swift in Sources */ = {isa = PBXBuildFile; fileRef = 99AF6AF11EC5EB9600C91BA8 /* Logger.swift */; };
		99B9E4AE1D40EC1B00738100 /* ArgumentsParser.swift in Sources */ = {isa = PBXBuildFile; fileRef = 99B9E49D1D40EC1B00738100 /* ArgumentsParser.swift */; };
		99B9E4AF1D40EC1B00738100 /* AssetsFinder.swift in Sources */ = {isa = PBXBuildFile; fileRef = 99B9E49E1D40EC1B00738100 /* AssetsFinder.swift */; };
		99B9E4B01D40EC1B00738100 /* Colors.swift in Sources */ = {isa = PBXBuildFile; fileRef = 99B9E49F1D40EC1B00738100 /* Colors.swift */; };
		99B9E4B11D40EC1B00738100 /* ImagesetParser.swift in Sources */ = {isa = PBXBuildFile; fileRef = 99B9E4A01D40EC1B00738100 /* ImagesetParser.swift */; };
		99B9E4B21D40EC1B00738100 /* ImageFinder.swift in Sources */ = {isa = PBXBuildFile; fileRef = 99B9E4A11D40EC1B00738100 /* ImageFinder.swift */; };
		99B9E4B31D40EC1B00738100 /* ImageOperation.swift in Sources */ = {isa = PBXBuildFile; fileRef = 99B9E4A21D40EC1B00738100 /* ImageOperation.swift */; };
		99B9E4B41D40EC1B00738100 /* ImagesClassGeneratorObjC.swift in Sources */ = {isa = PBXBuildFile; fileRef = 99B9E4A31D40EC1B00738100 /* ImagesClassGeneratorObjC.swift */; };
		99B9E4B51D40EC1B00738100 /* ImagesValidator.swift in Sources */ = {isa = PBXBuildFile; fileRef = 99B9E4A41D40EC1B00738100 /* ImagesValidator.swift */; };
		99B9E4B61D40EC1B00738100 /* LocalizationClassGenerator.swift in Sources */ = {isa = PBXBuildFile; fileRef = 99B9E4A51D40EC1B00738100 /* LocalizationClassGenerator.swift */; };
		99B9E4B71D40EC1B00738100 /* LocalizationFinder.swift in Sources */ = {isa = PBXBuildFile; fileRef = 99B9E4A61D40EC1B00738100 /* LocalizationFinder.swift */; };
		99B9E4B81D40EC1B00738100 /* LocalizationOperation.swift in Sources */ = {isa = PBXBuildFile; fileRef = 99B9E4A71D40EC1B00738100 /* LocalizationOperation.swift */; };
		99B9E4B91D40EC1B00738100 /* LocalizationParser.swift in Sources */ = {isa = PBXBuildFile; fileRef = 99B9E4A81D40EC1B00738100 /* LocalizationParser.swift */; };
		99B9E4BA1D40EC1B00738100 /* main.swift in Sources */ = {isa = PBXBuildFile; fileRef = 99B9E4A91D40EC1B00738100 /* main.swift */; };
		99B9E4BB1D40EC1B00738100 /* OperationType.swift in Sources */ = {isa = PBXBuildFile; fileRef = 99B9E4AA1D40EC1B00738100 /* OperationType.swift */; };
		99B9E4BC1D40EC1B00738100 /* PropertyName.swift in Sources */ = {isa = PBXBuildFile; fileRef = 99B9E4AB1D40EC1B00738100 /* PropertyName.swift */; };
		99B9E4BD1D40EC1B00738100 /* Usage.swift in Sources */ = {isa = PBXBuildFile; fileRef = 99B9E4AC1D40EC1B00738100 /* Usage.swift */; };
		99B9E4BE1D40EC1B00738100 /* Version.swift in Sources */ = {isa = PBXBuildFile; fileRef = 99B9E4AD1D40EC1B00738100 /* Version.swift */; };
		99D74E1B1EC3919D003BFACE /* ImagesClassGeneratorSwift.swift in Sources */ = {isa = PBXBuildFile; fileRef = 99D74E1A1EC3919D003BFACE /* ImagesClassGeneratorSwift.swift */; };
		99D74E1D1EC391BE003BFACE /* ImagesClassGenerator.swift in Sources */ = {isa = PBXBuildFile; fileRef = 99D74E1C1EC391BE003BFACE /* ImagesClassGenerator.swift */; };
		99D74E341EC39AF8003BFACE /* LocalizationClassGeneratorObjc.swift in Sources */ = {isa = PBXBuildFile; fileRef = 99D74E331EC39AF8003BFACE /* LocalizationClassGeneratorObjc.swift */; };
		99D74E361EC39B62003BFACE /* LocalizationClassGeneratorSwift.swift in Sources */ = {isa = PBXBuildFile; fileRef = 99D74E351EC39B62003BFACE /* LocalizationClassGeneratorSwift.swift */; };
/* End PBXBuildFile section */

/* Begin PBXCopyFilesBuildPhase section */
		99B9E4911D40EBF900738100 /* CopyFiles */ = {
			isa = PBXCopyFilesBuildPhase;
			buildActionMask = 2147483647;
			dstPath = /usr/share/man/man1/;
			dstSubfolderSpec = 0;
			files = (
			);
			runOnlyForDeploymentPostprocessing = 1;
		};
/* End PBXCopyFilesBuildPhase section */

/* Begin PBXFileReference section */
		992D521A1F8418EB00258395 /* ClassName.swift */ = {isa = PBXFileReference; lastKnownFileType = sourcecode.swift; path = ClassName.swift; sourceTree = "<group>"; };
		994BF8311F8275B9006A62C3 /* ImageNodeItem.swift */ = {isa = PBXFileReference; lastKnownFileType = sourcecode.swift; path = ImageNodeItem.swift; sourceTree = "<group>"; };
		994BF8331F8275DB006A62C3 /* Property.swift */ = {isa = PBXFileReference; lastKnownFileType = sourcecode.swift; path = Property.swift; sourceTree = "<group>"; };
		994BF8351F8275FF006A62C3 /* Image.swift */ = {isa = PBXFileReference; lastKnownFileType = sourcecode.swift; path = Image.swift; sourceTree = "<group>"; };
		99667CD01F8C064B00D4A853 /* FileUtils.swift */ = {isa = PBXFileReference; lastKnownFileType = sourcecode.swift; path = FileUtils.swift; sourceTree = "<group>"; };
		9977F4671F834C7E00D77D2C /* Tree.swift */ = {isa = PBXFileReference; lastKnownFileType = sourcecode.swift; path = Tree.swift; sourceTree = "<group>"; };
		99ABD9F31EC7185D00032E1B /* OperationTimer.swift */ = {isa = PBXFileReference; fileEncoding = 4; lastKnownFileType = sourcecode.swift; path = OperationTimer.swift; sourceTree = "<group>"; };
		99AF6AF11EC5EB9600C91BA8 /* Logger.swift */ = {isa = PBXFileReference; fileEncoding = 4; lastKnownFileType = sourcecode.swift; path = Logger.swift; sourceTree = "<group>"; };
		99B9E4931D40EBF900738100 /* regen */ = {isa = PBXFileReference; explicitFileType = "compiled.mach-o.executable"; includeInIndex = 0; path = regen; sourceTree = BUILT_PRODUCTS_DIR; };
		99B9E49D1D40EC1B00738100 /* ArgumentsParser.swift */ = {isa = PBXFileReference; fileEncoding = 4; lastKnownFileType = sourcecode.swift; path = ArgumentsParser.swift; sourceTree = "<group>"; };
		99B9E49E1D40EC1B00738100 /* AssetsFinder.swift */ = {isa = PBXFileReference; fileEncoding = 4; lastKnownFileType = sourcecode.swift; path = AssetsFinder.swift; sourceTree = "<group>"; };
		99B9E49F1D40EC1B00738100 /* Colors.swift */ = {isa = PBXFileReference; fileEncoding = 4; lastKnownFileType = sourcecode.swift; path = Colors.swift; sourceTree = "<group>"; };
		99B9E4A01D40EC1B00738100 /* ImagesetParser.swift */ = {isa = PBXFileReference; fileEncoding = 4; lastKnownFileType = sourcecode.swift; path = ImagesetParser.swift; sourceTree = "<group>"; };
		99B9E4A11D40EC1B00738100 /* ImageFinder.swift */ = {isa = PBXFileReference; fileEncoding = 4; lastKnownFileType = sourcecode.swift; path = ImageFinder.swift; sourceTree = "<group>"; };
		99B9E4A21D40EC1B00738100 /* ImageOperation.swift */ = {isa = PBXFileReference; fileEncoding = 4; lastKnownFileType = sourcecode.swift; path = ImageOperation.swift; sourceTree = "<group>"; };
		99B9E4A31D40EC1B00738100 /* ImagesClassGeneratorObjC.swift */ = {isa = PBXFileReference; fileEncoding = 4; lastKnownFileType = sourcecode.swift; path = ImagesClassGeneratorObjC.swift; sourceTree = "<group>"; };
		99B9E4A41D40EC1B00738100 /* ImagesValidator.swift */ = {isa = PBXFileReference; fileEncoding = 4; lastKnownFileType = sourcecode.swift; path = ImagesValidator.swift; sourceTree = "<group>"; };
		99B9E4A51D40EC1B00738100 /* LocalizationClassGenerator.swift */ = {isa = PBXFileReference; fileEncoding = 4; lastKnownFileType = sourcecode.swift; path = LocalizationClassGenerator.swift; sourceTree = "<group>"; };
		99B9E4A61D40EC1B00738100 /* LocalizationFinder.swift */ = {isa = PBXFileReference; fileEncoding = 4; lastKnownFileType = sourcecode.swift; path = LocalizationFinder.swift; sourceTree = "<group>"; };
		99B9E4A71D40EC1B00738100 /* LocalizationOperation.swift */ = {isa = PBXFileReference; fileEncoding = 4; lastKnownFileType = sourcecode.swift; path = LocalizationOperation.swift; sourceTree = "<group>"; };
		99B9E4A81D40EC1B00738100 /* LocalizationParser.swift */ = {isa = PBXFileReference; fileEncoding = 4; lastKnownFileType = sourcecode.swift; path = LocalizationParser.swift; sourceTree = "<group>"; };
		99B9E4A91D40EC1B00738100 /* main.swift */ = {isa = PBXFileReference; fileEncoding = 4; lastKnownFileType = sourcecode.swift; path = main.swift; sourceTree = "<group>"; };
		99B9E4AA1D40EC1B00738100 /* OperationType.swift */ = {isa = PBXFileReference; fileEncoding = 4; lastKnownFileType = sourcecode.swift; path = OperationType.swift; sourceTree = "<group>"; };
		99B9E4AB1D40EC1B00738100 /* PropertyName.swift */ = {isa = PBXFileReference; fileEncoding = 4; lastKnownFileType = sourcecode.swift; path = PropertyName.swift; sourceTree = "<group>"; };
		99B9E4AC1D40EC1B00738100 /* Usage.swift */ = {isa = PBXFileReference; fileEncoding = 4; lastKnownFileType = sourcecode.swift; path = Usage.swift; sourceTree = "<group>"; };
		99B9E4AD1D40EC1B00738100 /* Version.swift */ = {isa = PBXFileReference; fileEncoding = 4; lastKnownFileType = sourcecode.swift; path = Version.swift; sourceTree = "<group>"; };
		99D74E1A1EC3919D003BFACE /* ImagesClassGeneratorSwift.swift */ = {isa = PBXFileReference; fileEncoding = 4; lastKnownFileType = sourcecode.swift; path = ImagesClassGeneratorSwift.swift; sourceTree = "<group>"; };
		99D74E1C1EC391BE003BFACE /* ImagesClassGenerator.swift */ = {isa = PBXFileReference; fileEncoding = 4; lastKnownFileType = sourcecode.swift; path = ImagesClassGenerator.swift; sourceTree = "<group>"; };
		99D74E331EC39AF8003BFACE /* LocalizationClassGeneratorObjc.swift */ = {isa = PBXFileReference; fileEncoding = 4; lastKnownFileType = sourcecode.swift; path = LocalizationClassGeneratorObjc.swift; sourceTree = "<group>"; };
		99D74E351EC39B62003BFACE /* LocalizationClassGeneratorSwift.swift */ = {isa = PBXFileReference; fileEncoding = 4; lastKnownFileType = sourcecode.swift; path = LocalizationClassGeneratorSwift.swift; sourceTree = "<group>"; };
/* End PBXFileReference section */

/* Begin PBXFrameworksBuildPhase section */
		99B9E4901D40EBF900738100 /* Frameworks */ = {
			isa = PBXFrameworksBuildPhase;
			buildActionMask = 2147483647;
			files = (
			);
			runOnlyForDeploymentPostprocessing = 0;
		};
/* End PBXFrameworksBuildPhase section */

/* Begin PBXGroup section */
		994BF8301F827590006A62C3 /* Model */ = {
			isa = PBXGroup;
			children = (
				994BF8311F8275B9006A62C3 /* ImageNodeItem.swift */,
				994BF8331F8275DB006A62C3 /* Property.swift */,
				994BF8351F8275FF006A62C3 /* Image.swift */,
			);
			path = Model;
			sourceTree = "<group>";
		};
		997179161F7D6F1500FF8AB2 /* Data Structures */ = {
			isa = PBXGroup;
			children = (
				9977F4671F834C7E00D77D2C /* Tree.swift */,
			);
			name = "Data Structures";
			path = "../RegenFramework/Data Structures";
			sourceTree = "<group>";
		};
		997179181F7D6FDA00FF8AB2 /* Frameworks */ = {
			isa = PBXGroup;
			children = (
			);
			name = Frameworks;
			sourceTree = "<group>";
		};
		99B9E48A1D40EBF900738100 = {
			isa = PBXGroup;
			children = (
				99B9E4951D40EBF900738100 /* regen */,
				99B9E4941D40EBF900738100 /* Products */,
				997179181F7D6FDA00FF8AB2 /* Frameworks */,
			);
			sourceTree = "<group>";
		};
		99B9E4941D40EBF900738100 /* Products */ = {
			isa = PBXGroup;
			children = (
				99B9E4931D40EBF900738100 /* regen */,
			);
			name = Products;
			sourceTree = "<group>";
		};
		99B9E4951D40EBF900738100 /* regen */ = {
			isa = PBXGroup;
			children = (
				997179161F7D6F1500FF8AB2 /* Data Structures */,
				99BEB1FC1F78C36F002D9E05 /* Utilities */,
				99BEB1FA1F78C354002D9E05 /* Localization */,
				99BEB1F91F78C342002D9E05 /* Images */,
				99B9E49D1D40EC1B00738100 /* ArgumentsParser.swift */,
				99B9E4AA1D40EC1B00738100 /* OperationType.swift */,
				99B9E4AC1D40EC1B00738100 /* Usage.swift */,
				99B9E4AD1D40EC1B00738100 /* Version.swift */,
				99B9E4A91D40EC1B00738100 /* main.swift */,
			);
			path = regen;
			sourceTree = "<group>";
		};
		99BEB1F91F78C342002D9E05 /* Images */ = {
			isa = PBXGroup;
			children = (
				994BF8301F827590006A62C3 /* Model */,
				99D74E1C1EC391BE003BFACE /* ImagesClassGenerator.swift */,
				99B9E4A31D40EC1B00738100 /* ImagesClassGeneratorObjC.swift */,
				99D74E1A1EC3919D003BFACE /* ImagesClassGeneratorSwift.swift */,
				99B9E49E1D40EC1B00738100 /* AssetsFinder.swift */,
				99B9E4A01D40EC1B00738100 /* ImagesetParser.swift */,
				99B9E4A11D40EC1B00738100 /* ImageFinder.swift */,
				99B9E4A41D40EC1B00738100 /* ImagesValidator.swift */,
				99B9E4A21D40EC1B00738100 /* ImageOperation.swift */,
			);
			path = Images;
			sourceTree = "<group>";
		};
		99BEB1FA1F78C354002D9E05 /* Localization */ = {
			isa = PBXGroup;
			children = (
				99B9E4A51D40EC1B00738100 /* LocalizationClassGenerator.swift */,
				99D74E331EC39AF8003BFACE /* LocalizationClassGeneratorObjc.swift */,
				99D74E351EC39B62003BFACE /* LocalizationClassGeneratorSwift.swift */,
				99B9E4A61D40EC1B00738100 /* LocalizationFinder.swift */,
				99B9E4A81D40EC1B00738100 /* LocalizationParser.swift */,
				99B9E4A71D40EC1B00738100 /* LocalizationOperation.swift */,
			);
			path = Localization;
			sourceTree = "<group>";
		};
		99BEB1FC1F78C36F002D9E05 /* Utilities */ = {
			isa = PBXGroup;
			children = (
				99B9E4AB1D40EC1B00738100 /* PropertyName.swift */,
				99B9E49F1D40EC1B00738100 /* Colors.swift */,
				99AF6AF11EC5EB9600C91BA8 /* Logger.swift */,
				99ABD9F31EC7185D00032E1B /* OperationTimer.swift */,
				992D521A1F8418EB00258395 /* ClassName.swift */,
				99667CD01F8C064B00D4A853 /* FileUtils.swift */,
			);
			path = Utilities;
			sourceTree = "<group>";
		};
/* End PBXGroup section */

/* Begin PBXNativeTarget section */
		99B9E4921D40EBF900738100 /* regen */ = {
			isa = PBXNativeTarget;
			buildConfigurationList = 99B9E49A1D40EBF900738100 /* Build configuration list for PBXNativeTarget "regen" */;
			buildPhases = (
				99B9E48F1D40EBF900738100 /* Sources */,
				99B9E4901D40EBF900738100 /* Frameworks */,
				99B9E4911D40EBF900738100 /* CopyFiles */,
			);
			buildRules = (
			);
			dependencies = (
			);
			name = regen;
			productName = regen;
			productReference = 99B9E4931D40EBF900738100 /* regen */;
			productType = "com.apple.product-type.tool";
		};
/* End PBXNativeTarget section */

/* Begin PBXProject section */
		99B9E48B1D40EBF900738100 /* Project object */ = {
			isa = PBXProject;
			attributes = {
				LastSwiftUpdateCheck = 0900;
				LastUpgradeCheck = 0900;
				ORGANIZATIONNAME = "Ido Mizrachi";
				TargetAttributes = {
					99B9E4921D40EBF900738100 = {
						CreatedOnToolsVersion = 7.3.1;
						LastSwiftMigration = 0900;
					};
				};
			};
			buildConfigurationList = 99B9E48E1D40EBF900738100 /* Build configuration list for PBXProject "regen" */;
			compatibilityVersion = "Xcode 3.2";
			developmentRegion = English;
			hasScannedForEncodings = 0;
			knownRegions = (
				en,
			);
			mainGroup = 99B9E48A1D40EBF900738100;
			productRefGroup = 99B9E4941D40EBF900738100 /* Products */;
			projectDirPath = "";
			projectRoot = "";
			targets = (
				99B9E4921D40EBF900738100 /* regen */,
			);
		};
/* End PBXProject section */

/* Begin PBXSourcesBuildPhase section */
		99B9E48F1D40EBF900738100 /* Sources */ = {
			isa = PBXSourcesBuildPhase;
			buildActionMask = 2147483647;
			files = (
				99B9E4B41D40EC1B00738100 /* ImagesClassGeneratorObjC.swift in Sources */,
				99B9E4BA1D40EC1B00738100 /* main.swift in Sources */,
				99B9E4AF1D40EC1B00738100 /* AssetsFinder.swift in Sources */,
				99B9E4B31D40EC1B00738100 /* ImageOperation.swift in Sources */,
				99D74E1D1EC391BE003BFACE /* ImagesClassGenerator.swift in Sources */,
				994BF8341F8275DB006A62C3 /* Property.swift in Sources */,
				994BF8361F8275FF006A62C3 /* Image.swift in Sources */,
				99B9E4B11D40EC1B00738100 /* ImagesetParser.swift in Sources */,
				994BF8321F8275B9006A62C3 /* ImageNodeItem.swift in Sources */,
				99D74E341EC39AF8003BFACE /* LocalizationClassGeneratorObjc.swift in Sources */,
				99D74E1B1EC3919D003BFACE /* ImagesClassGeneratorSwift.swift in Sources */,
				99B9E4B61D40EC1B00738100 /* LocalizationClassGenerator.swift in Sources */,
				99AF6AF21EC5EB9600C91BA8 /* Logger.swift in Sources */,
				99B9E4B91D40EC1B00738100 /* LocalizationParser.swift in Sources */,
				99B9E4B51D40EC1B00738100 /* ImagesValidator.swift in Sources */,
				99B9E4BE1D40EC1B00738100 /* Version.swift in Sources */,
				99B9E4B01D40EC1B00738100 /* Colors.swift in Sources */,
				99B9E4B81D40EC1B00738100 /* LocalizationOperation.swift in Sources */,
				99B9E4B21D40EC1B00738100 /* ImageFinder.swift in Sources */,
				99ABD9F41EC7185D00032E1B /* OperationTimer.swift in Sources */,
				9977F4681F834C7E00D77D2C /* Tree.swift in Sources */,
				99B9E4BD1D40EC1B00738100 /* Usage.swift in Sources */,
				99B9E4BC1D40EC1B00738100 /* PropertyName.swift in Sources */,
				99D74E361EC39B62003BFACE /* LocalizationClassGeneratorSwift.swift in Sources */,
				99667CD11F8C064B00D4A853 /* FileUtils.swift in Sources */,
				99B9E4BB1D40EC1B00738100 /* OperationType.swift in Sources */,
				99B9E4B71D40EC1B00738100 /* LocalizationFinder.swift in Sources */,
				99B9E4AE1D40EC1B00738100 /* ArgumentsParser.swift in Sources */,
				992D521B1F8418EB00258395 /* ClassName.swift in Sources */,
			);
			runOnlyForDeploymentPostprocessing = 0;
		};
/* End PBXSourcesBuildPhase section */

/* Begin XCBuildConfiguration section */
		99B9E4981D40EBF900738100 /* Debug */ = {
			isa = XCBuildConfiguration;
			buildSettings = {
				ALWAYS_SEARCH_USER_PATHS = NO;
				CLANG_ANALYZER_NONNULL = YES;
				CLANG_CXX_LANGUAGE_STANDARD = "gnu++0x";
				CLANG_CXX_LIBRARY = "libc++";
				CLANG_ENABLE_MODULES = YES;
				CLANG_ENABLE_OBJC_ARC = YES;
				CLANG_WARN_BLOCK_CAPTURE_AUTORELEASING = YES;
				CLANG_WARN_BOOL_CONVERSION = YES;
				CLANG_WARN_COMMA = YES;
				CLANG_WARN_CONSTANT_CONVERSION = YES;
				CLANG_WARN_DIRECT_OBJC_ISA_USAGE = YES_ERROR;
				CLANG_WARN_EMPTY_BODY = YES;
				CLANG_WARN_ENUM_CONVERSION = YES;
				CLANG_WARN_INFINITE_RECURSION = YES;
				CLANG_WARN_INT_CONVERSION = YES;
				CLANG_WARN_NON_LITERAL_NULL_CONVERSION = YES;
				CLANG_WARN_OBJC_LITERAL_CONVERSION = YES;
				CLANG_WARN_OBJC_ROOT_CLASS = YES_ERROR;
				CLANG_WARN_RANGE_LOOP_ANALYSIS = YES;
				CLANG_WARN_STRICT_PROTOTYPES = YES;
				CLANG_WARN_SUSPICIOUS_MOVE = YES;
				CLANG_WARN_UNREACHABLE_CODE = YES;
				CLANG_WARN__DUPLICATE_METHOD_MATCH = YES;
				CODE_SIGN_IDENTITY = "-";
				COPY_PHASE_STRIP = NO;
				DEBUG_INFORMATION_FORMAT = dwarf;
				ENABLE_STRICT_OBJC_MSGSEND = YES;
				ENABLE_TESTABILITY = YES;
				GCC_C_LANGUAGE_STANDARD = gnu99;
				GCC_DYNAMIC_NO_PIC = NO;
				GCC_NO_COMMON_BLOCKS = YES;
				GCC_OPTIMIZATION_LEVEL = 0;
				GCC_PREPROCESSOR_DEFINITIONS = (
					"DEBUG=1",
					"$(inherited)",
				);
				GCC_WARN_64_TO_32_BIT_CONVERSION = YES;
				GCC_WARN_ABOUT_RETURN_TYPE = YES_ERROR;
				GCC_WARN_UNDECLARED_SELECTOR = YES;
				GCC_WARN_UNINITIALIZED_AUTOS = YES_AGGRESSIVE;
				GCC_WARN_UNUSED_FUNCTION = YES;
				GCC_WARN_UNUSED_VARIABLE = YES;
				MACOSX_DEPLOYMENT_TARGET = 10.11;
				MTL_ENABLE_DEBUG_INFO = YES;
				ONLY_ACTIVE_ARCH = YES;
				SDKROOT = macosx;
				SWIFT_OPTIMIZATION_LEVEL = "-Onone";
				SWIFT_SWIFT3_OBJC_INFERENCE = Off;
				SWIFT_VERSION = 4.0;
			};
			name = Debug;
		};
		99B9E4991D40EBF900738100 /* Release */ = {
			isa = XCBuildConfiguration;
			buildSettings = {
				ALWAYS_SEARCH_USER_PATHS = NO;
				CLANG_ANALYZER_NONNULL = YES;
				CLANG_CXX_LANGUAGE_STANDARD = "gnu++0x";
				CLANG_CXX_LIBRARY = "libc++";
				CLANG_ENABLE_MODULES = YES;
				CLANG_ENABLE_OBJC_ARC = YES;
				CLANG_WARN_BLOCK_CAPTURE_AUTORELEASING = YES;
				CLANG_WARN_BOOL_CONVERSION = YES;
				CLANG_WARN_COMMA = YES;
				CLANG_WARN_CONSTANT_CONVERSION = YES;
				CLANG_WARN_DIRECT_OBJC_ISA_USAGE = YES_ERROR;
				CLANG_WARN_EMPTY_BODY = YES;
				CLANG_WARN_ENUM_CONVERSION = YES;
				CLANG_WARN_INFINITE_RECURSION = YES;
				CLANG_WARN_INT_CONVERSION = YES;
				CLANG_WARN_NON_LITERAL_NULL_CONVERSION = YES;
				CLANG_WARN_OBJC_LITERAL_CONVERSION = YES;
				CLANG_WARN_OBJC_ROOT_CLASS = YES_ERROR;
				CLANG_WARN_RANGE_LOOP_ANALYSIS = YES;
				CLANG_WARN_STRICT_PROTOTYPES = YES;
				CLANG_WARN_SUSPICIOUS_MOVE = YES;
				CLANG_WARN_UNREACHABLE_CODE = YES;
				CLANG_WARN__DUPLICATE_METHOD_MATCH = YES;
				CODE_SIGN_IDENTITY = "-";
				COPY_PHASE_STRIP = NO;
				DEBUG_INFORMATION_FORMAT = "dwarf-with-dsym";
				ENABLE_NS_ASSERTIONS = NO;
				ENABLE_STRICT_OBJC_MSGSEND = YES;
				GCC_C_LANGUAGE_STANDARD = gnu99;
				GCC_NO_COMMON_BLOCKS = YES;
				GCC_WARN_64_TO_32_BIT_CONVERSION = YES;
				GCC_WARN_ABOUT_RETURN_TYPE = YES_ERROR;
				GCC_WARN_UNDECLARED_SELECTOR = YES;
				GCC_WARN_UNINITIALIZED_AUTOS = YES_AGGRESSIVE;
				GCC_WARN_UNUSED_FUNCTION = YES;
				GCC_WARN_UNUSED_VARIABLE = YES;
				MACOSX_DEPLOYMENT_TARGET = 10.11;
				MTL_ENABLE_DEBUG_INFO = NO;
				SDKROOT = macosx;
				SWIFT_OPTIMIZATION_LEVEL = "-Owholemodule";
				SWIFT_SWIFT3_OBJC_INFERENCE = Off;
				SWIFT_VERSION = 4.0;
			};
			name = Release;
		};
		99B9E49B1D40EBF900738100 /* Debug */ = {
			isa = XCBuildConfiguration;
			buildSettings = {
				CLANG_ENABLE_MODULES = YES;
				LD_RUNPATH_SEARCH_PATHS = "$(inherited) @executable_path/../Frameworks @loader_path/../Frameworks";
				PRODUCT_NAME = "$(TARGET_NAME)";
				SWIFT_OPTIMIZATION_LEVEL = "-Onone";
				SWIFT_VERSION = 4.0;
			};
			name = Debug;
		};
		99B9E49C1D40EBF900738100 /* Release */ = {
			isa = XCBuildConfiguration;
			buildSettings = {
				CLANG_ENABLE_MODULES = YES;
				DEPLOYMENT_LOCATION = YES;
				LD_RUNPATH_SEARCH_PATHS = "$(inherited) @executable_path/../Frameworks @loader_path/../Frameworks";
				PRODUCT_NAME = "$(TARGET_NAME)";
				SWIFT_VERSION = 4.0;
			};
			name = Release;
		};
/* End XCBuildConfiguration section */

/* Begin XCConfigurationList section */
		99B9E48E1D40EBF900738100 /* Build configuration list for PBXProject "regen" */ = {
			isa = XCConfigurationList;
			buildConfigurations = (
				99B9E4981D40EBF900738100 /* Debug */,
				99B9E4991D40EBF900738100 /* Release */,
			);
			defaultConfigurationIsVisible = 0;
			defaultConfigurationName = Release;
		};
		99B9E49A1D40EBF900738100 /* Build configuration list for PBXNativeTarget "regen" */ = {
			isa = XCConfigurationList;
			buildConfigurations = (
				99B9E49B1D40EBF900738100 /* Debug */,
				99B9E49C1D40EBF900738100 /* Release */,
			);
			defaultConfigurationIsVisible = 0;
			defaultConfigurationName = Release;
		};
/* End XCConfigurationList section */
	};
	rootObject = 99B9E48B1D40EBF900738100 /* Project object */;
}
