// !$*UTF8*$!
{
	archiveVersion = 1;
	classes = {
	};
	objectVersion = 46;
	objects = {

/* Begin PBXBuildFile section */
		622B8F2D22D9D821001FC1E4 /* ImagesNamespace.swift in Sources */ = {isa = PBXBuildFile; fileRef = 622B8F2C22D9D821001FC1E4 /* ImagesNamespace.swift */; };
		622B8F2E22D9D821001FC1E4 /* ImagesNamespace.swift in Sources */ = {isa = PBXBuildFile; fileRef = 622B8F2C22D9D821001FC1E4 /* ImagesNamespace.swift */; };
		622B8F3122D9D919001FC1E4 /* ImagesetParser.swift in Sources */ = {isa = PBXBuildFile; fileRef = 99B9E4A01D40EC1B00738100 /* ImagesetParser.swift */; };
		6236BBA622ECD7AC002615E9 /* _SwiftSupport.swift in Sources */ = {isa = PBXBuildFile; fileRef = 6268E5AE22D7BBD300D4585A /* _SwiftSupport.swift */; };
		6236BBA722ECD7AC002615E9 /* Context.swift in Sources */ = {isa = PBXBuildFile; fileRef = 6268E5BB22D7BBD400D4585A /* Context.swift */; };
		6236BBA822ECD7AC002615E9 /* Environment.swift in Sources */ = {isa = PBXBuildFile; fileRef = 6268E5AA22D7BBD300D4585A /* Environment.swift */; };
		6236BBA922ECD7AC002615E9 /* Errors.swift in Sources */ = {isa = PBXBuildFile; fileRef = 6268E5B322D7BBD400D4585A /* Errors.swift */; };
		6236BBAA22ECD7AC002615E9 /* Expression.swift in Sources */ = {isa = PBXBuildFile; fileRef = 6268E5B422D7BBD400D4585A /* Expression.swift */; };
		6236BBAB22ECD7AD002615E9 /* Extension.swift in Sources */ = {isa = PBXBuildFile; fileRef = 6268E5AC22D7BBD300D4585A /* Extension.swift */; };
		6236BBAC22ECD7AD002615E9 /* Filters.swift in Sources */ = {isa = PBXBuildFile; fileRef = 6268E5B222D7BBD400D4585A /* Filters.swift */; };
		6236BBAD22ECD7AD002615E9 /* FilterTag.swift in Sources */ = {isa = PBXBuildFile; fileRef = 6268E5BC22D7BBD400D4585A /* FilterTag.swift */; };
		6236BBAE22ECD7AD002615E9 /* ForTag.swift in Sources */ = {isa = PBXBuildFile; fileRef = 6268E5AB22D7BBD300D4585A /* ForTag.swift */; };
		6236BBAF22ECD7AD002615E9 /* IfTag.swift in Sources */ = {isa = PBXBuildFile; fileRef = 6268E5A922D7BBD300D4585A /* IfTag.swift */; };
		6236BBB022ECD7AD002615E9 /* Include.swift in Sources */ = {isa = PBXBuildFile; fileRef = 6268E5B722D7BBD400D4585A /* Include.swift */; };
		6236BBB122ECD7AD002615E9 /* Inheritence.swift in Sources */ = {isa = PBXBuildFile; fileRef = 6268E5B522D7BBD400D4585A /* Inheritence.swift */; };
		6236BBB222ECD7AD002615E9 /* KeyPath.swift in Sources */ = {isa = PBXBuildFile; fileRef = 6268E5AD22D7BBD300D4585A /* KeyPath.swift */; };
		6236BBB322ECD7AD002615E9 /* Lexer.swift in Sources */ = {isa = PBXBuildFile; fileRef = 6268E5B822D7BBD400D4585A /* Lexer.swift */; };
		6236BBB422ECD7AD002615E9 /* Loader.swift in Sources */ = {isa = PBXBuildFile; fileRef = 6268E5AF22D7BBD300D4585A /* Loader.swift */; };
		6236BBB522ECD7AD002615E9 /* Node.swift in Sources */ = {isa = PBXBuildFile; fileRef = 6268E5B022D7BBD300D4585A /* Node.swift */; };
		6236BBB622ECD7AD002615E9 /* NowTag.swift in Sources */ = {isa = PBXBuildFile; fileRef = 6268E5B922D7BBD400D4585A /* NowTag.swift */; };
		6236BBB722ECD7AD002615E9 /* Parser.swift in Sources */ = {isa = PBXBuildFile; fileRef = 6268E5B122D7BBD300D4585A /* Parser.swift */; };
		6236BBB822ECD7AD002615E9 /* Template.swift in Sources */ = {isa = PBXBuildFile; fileRef = 6268E5A822D7BBD300D4585A /* Template.swift */; };
		6236BBB922ECD7AD002615E9 /* Tokenizer.swift in Sources */ = {isa = PBXBuildFile; fileRef = 6268E5B622D7BBD400D4585A /* Tokenizer.swift */; };
		6236BBBA22ECD7AD002615E9 /* Variable.swift in Sources */ = {isa = PBXBuildFile; fileRef = 6268E5BA22D7BBD400D4585A /* Variable.swift */; };
		6236BBBB22ECE207002615E9 /* PathKit.swift in Sources */ = {isa = PBXBuildFile; fileRef = 6268E5D422D7BE6200D4585A /* PathKit.swift */; };
		624516F222E632F500E86FB1 /* LocalizationParameters.swift in Sources */ = {isa = PBXBuildFile; fileRef = 6247EE3922DBB65D0096078D /* LocalizationParameters.swift */; };
		624516F322E632FF00E86FB1 /* ImagesParameters.swift in Sources */ = {isa = PBXBuildFile; fileRef = 62492B5E22DE5E2700537757 /* ImagesParameters.swift */; };
		624516F422E6334C00E86FB1 /* LocalizationParametersParser.swift in Sources */ = {isa = PBXBuildFile; fileRef = 627F4E9C22DF59EF0090E24F /* LocalizationParametersParser.swift */; };
		624516F522E6336200E86FB1 /* CommandLineParameter.swift in Sources */ = {isa = PBXBuildFile; fileRef = 627F4E9922DF551A0090E24F /* CommandLineParameter.swift */; };
		624516F622E6337A00E86FB1 /* ImageesAssetsFinder.swift in Sources */ = {isa = PBXBuildFile; fileRef = 99B9E49E1D40EC1B00738100 /* ImageesAssetsFinder.swift */; };
		624516F722E6339100E86FB1 /* Image.swift in Sources */ = {isa = PBXBuildFile; fileRef = 994BF8351F8275FF006A62C3 /* Image.swift */; };
		624516F822E633D700E86FB1 /* Property.swift in Sources */ = {isa = PBXBuildFile; fileRef = 994BF8331F8275DB006A62C3 /* Property.swift */; };
		624516F922E633E100E86FB1 /* PropertyName.swift in Sources */ = {isa = PBXBuildFile; fileRef = 99B9E4AB1D40EC1B00738100 /* PropertyName.swift */; };
		624516FA22E633F200E86FB1 /* Tree.swift in Sources */ = {isa = PBXBuildFile; fileRef = 6252986222D87AD200082EC3 /* Tree.swift */; };
		624516FB22E633FF00E86FB1 /* ImageNodeItem.swift in Sources */ = {isa = PBXBuildFile; fileRef = 994BF8311F8275B9006A62C3 /* ImageNodeItem.swift */; };
		624516FC22E6340D00E86FB1 /* ImagesFinder.swift in Sources */ = {isa = PBXBuildFile; fileRef = 99B9E4A11D40EC1B00738100 /* ImagesFinder.swift */; };
		624516FD22E6353200E86FB1 /* ImagesValidator.swift in Sources */ = {isa = PBXBuildFile; fileRef = 99B9E4A41D40EC1B00738100 /* ImagesValidator.swift */; };
		624516FE22E6353B00E86FB1 /* ClassName.swift in Sources */ = {isa = PBXBuildFile; fileRef = 992D521A1F8418EB00258395 /* ClassName.swift */; };
		6247EE3A22DBB65D0096078D /* LocalizationParameters.swift in Sources */ = {isa = PBXBuildFile; fileRef = 6247EE3922DBB65D0096078D /* LocalizationParameters.swift */; };
		62492B5D22DE5D9300537757 /* whitelist.txt in Copy Files */ = {isa = PBXBuildFile; fileRef = 62492B5C22DE5D3E00537757 /* whitelist.txt */; };
		62492B5F22DE5E2700537757 /* ImagesParameters.swift in Sources */ = {isa = PBXBuildFile; fileRef = 62492B5E22DE5E2700537757 /* ImagesParameters.swift */; };
		6252986322D87AD200082EC3 /* Tree.swift in Sources */ = {isa = PBXBuildFile; fileRef = 6252986222D87AD200082EC3 /* Tree.swift */; };
		6252987822D87DF900082EC3 /* regen_tests.swift in Sources */ = {isa = PBXBuildFile; fileRef = 6252987722D87DF900082EC3 /* regen_tests.swift */; };
		6268E5BD22D7BBD400D4585A /* Template.swift in Sources */ = {isa = PBXBuildFile; fileRef = 6268E5A822D7BBD300D4585A /* Template.swift */; };
		6268E5BE22D7BBD400D4585A /* IfTag.swift in Sources */ = {isa = PBXBuildFile; fileRef = 6268E5A922D7BBD300D4585A /* IfTag.swift */; };
		6268E5BF22D7BBD400D4585A /* Environment.swift in Sources */ = {isa = PBXBuildFile; fileRef = 6268E5AA22D7BBD300D4585A /* Environment.swift */; };
		6268E5C022D7BBD400D4585A /* ForTag.swift in Sources */ = {isa = PBXBuildFile; fileRef = 6268E5AB22D7BBD300D4585A /* ForTag.swift */; };
		6268E5C122D7BBD400D4585A /* Extension.swift in Sources */ = {isa = PBXBuildFile; fileRef = 6268E5AC22D7BBD300D4585A /* Extension.swift */; };
		6268E5C222D7BBD400D4585A /* KeyPath.swift in Sources */ = {isa = PBXBuildFile; fileRef = 6268E5AD22D7BBD300D4585A /* KeyPath.swift */; };
		6268E5C322D7BBD400D4585A /* _SwiftSupport.swift in Sources */ = {isa = PBXBuildFile; fileRef = 6268E5AE22D7BBD300D4585A /* _SwiftSupport.swift */; };
		6268E5C422D7BBD400D4585A /* Loader.swift in Sources */ = {isa = PBXBuildFile; fileRef = 6268E5AF22D7BBD300D4585A /* Loader.swift */; };
		6268E5C522D7BBD400D4585A /* Node.swift in Sources */ = {isa = PBXBuildFile; fileRef = 6268E5B022D7BBD300D4585A /* Node.swift */; };
		6268E5C622D7BBD400D4585A /* Parser.swift in Sources */ = {isa = PBXBuildFile; fileRef = 6268E5B122D7BBD300D4585A /* Parser.swift */; };
		6268E5C722D7BBD400D4585A /* Filters.swift in Sources */ = {isa = PBXBuildFile; fileRef = 6268E5B222D7BBD400D4585A /* Filters.swift */; };
		6268E5C822D7BBD400D4585A /* Errors.swift in Sources */ = {isa = PBXBuildFile; fileRef = 6268E5B322D7BBD400D4585A /* Errors.swift */; };
		6268E5C922D7BBD400D4585A /* Expression.swift in Sources */ = {isa = PBXBuildFile; fileRef = 6268E5B422D7BBD400D4585A /* Expression.swift */; };
		6268E5CA22D7BBD400D4585A /* Inheritence.swift in Sources */ = {isa = PBXBuildFile; fileRef = 6268E5B522D7BBD400D4585A /* Inheritence.swift */; };
		6268E5CB22D7BBD400D4585A /* Tokenizer.swift in Sources */ = {isa = PBXBuildFile; fileRef = 6268E5B622D7BBD400D4585A /* Tokenizer.swift */; };
		6268E5CC22D7BBD400D4585A /* Include.swift in Sources */ = {isa = PBXBuildFile; fileRef = 6268E5B722D7BBD400D4585A /* Include.swift */; };
		6268E5CD22D7BBD400D4585A /* Lexer.swift in Sources */ = {isa = PBXBuildFile; fileRef = 6268E5B822D7BBD400D4585A /* Lexer.swift */; };
		6268E5CE22D7BBD400D4585A /* NowTag.swift in Sources */ = {isa = PBXBuildFile; fileRef = 6268E5B922D7BBD400D4585A /* NowTag.swift */; };
		6268E5CF22D7BBD400D4585A /* Variable.swift in Sources */ = {isa = PBXBuildFile; fileRef = 6268E5BA22D7BBD400D4585A /* Variable.swift */; };
		6268E5D022D7BBD400D4585A /* Context.swift in Sources */ = {isa = PBXBuildFile; fileRef = 6268E5BB22D7BBD400D4585A /* Context.swift */; };
		6268E5D122D7BBD400D4585A /* FilterTag.swift in Sources */ = {isa = PBXBuildFile; fileRef = 6268E5BC22D7BBD400D4585A /* FilterTag.swift */; };
		6268E5D522D7BE6200D4585A /* PathKit.swift in Sources */ = {isa = PBXBuildFile; fileRef = 6268E5D422D7BE6200D4585A /* PathKit.swift */; };
		62741CAA22DC5DC800B66956 /* ParametersLocalizationTemplate.swift in Copy Files */ = {isa = PBXBuildFile; fileRef = 62741CA922DC5DBF00B66956 /* ParametersLocalizationTemplate.swift */; };
		627F4E9A22DF551A0090E24F /* CommandLineParameter.swift in Sources */ = {isa = PBXBuildFile; fileRef = 627F4E9922DF551A0090E24F /* CommandLineParameter.swift */; };
		627F4E9D22DF59EF0090E24F /* LocalizationParametersParser.swift in Sources */ = {isa = PBXBuildFile; fileRef = 627F4E9C22DF59EF0090E24F /* LocalizationParametersParser.swift */; };
		62A625DC22E87AA1007AEA56 /* StringClassNameTests.swift in Sources */ = {isa = PBXBuildFile; fileRef = 62A625DB22E87AA1007AEA56 /* StringClassNameTests.swift */; };
		62A625DE22E87E8B007AEA56 /* ImagesParametersParser.swift in Sources */ = {isa = PBXBuildFile; fileRef = 62A625DD22E87E8B007AEA56 /* ImagesParametersParser.swift */; };
		62A625DF22E87E8B007AEA56 /* ImagesParametersParser.swift in Sources */ = {isa = PBXBuildFile; fileRef = 62A625DD22E87E8B007AEA56 /* ImagesParametersParser.swift */; };
		62A625E022E8966E007AEA56 /* ImagesTemplate.swift in Copy Files */ = {isa = PBXBuildFile; fileRef = 622B8F2F22D9D85B001FC1E4 /* ImagesTemplate.swift */; };
		62CEA90F22DB10E200A20932 /* LocalizationTemplate.swift in Copy Files */ = {isa = PBXBuildFile; fileRef = 62793D3B222D6A140039D3F8 /* LocalizationTemplate.swift */; };
		62F5CC0B22D87EB2002B28B5 /* Usage.swift in Sources */ = {isa = PBXBuildFile; fileRef = 99B9E4AC1D40EC1B00738100 /* Usage.swift */; };
		62F5CC0C22D87ECB002B28B5 /* Colors.swift in Sources */ = {isa = PBXBuildFile; fileRef = 99B9E49F1D40EC1B00738100 /* Colors.swift */; };
		62F5CC0F22D8A99F002B28B5 /* ArgumentsParser.swift in Sources */ = {isa = PBXBuildFile; fileRef = 99B9E49D1D40EC1B00738100 /* ArgumentsParser.swift */; };
		62F5CC1022D8AAA7002B28B5 /* OperationType.swift in Sources */ = {isa = PBXBuildFile; fileRef = 99B9E4AA1D40EC1B00738100 /* OperationType.swift */; };
		62F5CC1222D8AB41002B28B5 /* ArgumentsParserTests.swift in Sources */ = {isa = PBXBuildFile; fileRef = 62F5CC1122D8AB41002B28B5 /* ArgumentsParserTests.swift */; };
		62F5CC1422D8C1AA002B28B5 /* LocalizationNamespace.swift in Sources */ = {isa = PBXBuildFile; fileRef = 62F5CC1322D8C1AA002B28B5 /* LocalizationNamespace.swift */; };
		62F5CC1522D8D607002B28B5 /* LocalizationNamespace.swift in Sources */ = {isa = PBXBuildFile; fileRef = 62F5CC1322D8C1AA002B28B5 /* LocalizationNamespace.swift */; };
		62F5CC1622D8D621002B28B5 /* ImagesOperation.swift in Sources */ = {isa = PBXBuildFile; fileRef = 99B9E4A21D40EC1B00738100 /* ImagesOperation.swift */; };
		992D521B1F8418EB00258395 /* ClassName.swift in Sources */ = {isa = PBXBuildFile; fileRef = 992D521A1F8418EB00258395 /* ClassName.swift */; };
		994BF8321F8275B9006A62C3 /* ImageNodeItem.swift in Sources */ = {isa = PBXBuildFile; fileRef = 994BF8311F8275B9006A62C3 /* ImageNodeItem.swift */; };
		994BF8341F8275DB006A62C3 /* Property.swift in Sources */ = {isa = PBXBuildFile; fileRef = 994BF8331F8275DB006A62C3 /* Property.swift */; };
		994BF8361F8275FF006A62C3 /* Image.swift in Sources */ = {isa = PBXBuildFile; fileRef = 994BF8351F8275FF006A62C3 /* Image.swift */; };
		99667CD11F8C064B00D4A853 /* FileUtils.swift in Sources */ = {isa = PBXBuildFile; fileRef = 99667CD01F8C064B00D4A853 /* FileUtils.swift */; };
		99ABD9F41EC7185D00032E1B /* OperationTimer.swift in Sources */ = {isa = PBXBuildFile; fileRef = 99ABD9F31EC7185D00032E1B /* OperationTimer.swift */; };
		99AF6AF21EC5EB9600C91BA8 /* Logger.swift in Sources */ = {isa = PBXBuildFile; fileRef = 99AF6AF11EC5EB9600C91BA8 /* Logger.swift */; };
		99B9E4AE1D40EC1B00738100 /* ArgumentsParser.swift in Sources */ = {isa = PBXBuildFile; fileRef = 99B9E49D1D40EC1B00738100 /* ArgumentsParser.swift */; };
		99B9E4AF1D40EC1B00738100 /* ImageesAssetsFinder.swift in Sources */ = {isa = PBXBuildFile; fileRef = 99B9E49E1D40EC1B00738100 /* ImageesAssetsFinder.swift */; };
		99B9E4B01D40EC1B00738100 /* Colors.swift in Sources */ = {isa = PBXBuildFile; fileRef = 99B9E49F1D40EC1B00738100 /* Colors.swift */; };
		99B9E4B11D40EC1B00738100 /* ImagesetParser.swift in Sources */ = {isa = PBXBuildFile; fileRef = 99B9E4A01D40EC1B00738100 /* ImagesetParser.swift */; };
		99B9E4B21D40EC1B00738100 /* ImagesFinder.swift in Sources */ = {isa = PBXBuildFile; fileRef = 99B9E4A11D40EC1B00738100 /* ImagesFinder.swift */; };
		99B9E4B31D40EC1B00738100 /* ImagesOperation.swift in Sources */ = {isa = PBXBuildFile; fileRef = 99B9E4A21D40EC1B00738100 /* ImagesOperation.swift */; };
		99B9E4B41D40EC1B00738100 /* ImagesClassGeneratorObjC.swift in Sources */ = {isa = PBXBuildFile; fileRef = 99B9E4A31D40EC1B00738100 /* ImagesClassGeneratorObjC.swift */; };
		99B9E4B51D40EC1B00738100 /* ImagesValidator.swift in Sources */ = {isa = PBXBuildFile; fileRef = 99B9E4A41D40EC1B00738100 /* ImagesValidator.swift */; };
		99B9E4B71D40EC1B00738100 /* LocalizationFinder.swift in Sources */ = {isa = PBXBuildFile; fileRef = 99B9E4A61D40EC1B00738100 /* LocalizationFinder.swift */; };
		99B9E4B81D40EC1B00738100 /* LocalizationOperation.swift in Sources */ = {isa = PBXBuildFile; fileRef = 99B9E4A71D40EC1B00738100 /* LocalizationOperation.swift */; };
		99B9E4B91D40EC1B00738100 /* LocalizationParser.swift in Sources */ = {isa = PBXBuildFile; fileRef = 99B9E4A81D40EC1B00738100 /* LocalizationParser.swift */; };
		99B9E4BA1D40EC1B00738100 /* main.swift in Sources */ = {isa = PBXBuildFile; fileRef = 99B9E4A91D40EC1B00738100 /* main.swift */; };
		99B9E4BB1D40EC1B00738100 /* OperationType.swift in Sources */ = {isa = PBXBuildFile; fileRef = 99B9E4AA1D40EC1B00738100 /* OperationType.swift */; };
		99B9E4BC1D40EC1B00738100 /* PropertyName.swift in Sources */ = {isa = PBXBuildFile; fileRef = 99B9E4AB1D40EC1B00738100 /* PropertyName.swift */; };
		99B9E4BD1D40EC1B00738100 /* Usage.swift in Sources */ = {isa = PBXBuildFile; fileRef = 99B9E4AC1D40EC1B00738100 /* Usage.swift */; };
		99B9E4BE1D40EC1B00738100 /* Version.swift in Sources */ = {isa = PBXBuildFile; fileRef = 99B9E4AD1D40EC1B00738100 /* Version.swift */; };
		99D74E1B1EC3919D003BFACE /* ImagesClassGeneratorSwift.swift in Sources */ = {isa = PBXBuildFile; fileRef = 99D74E1A1EC3919D003BFACE /* ImagesClassGeneratorSwift.swift */; };
		99D74E1D1EC391BE003BFACE /* ImagesClassGenerator.swift in Sources */ = {isa = PBXBuildFile; fileRef = 99D74E1C1EC391BE003BFACE /* ImagesClassGenerator.swift */; };
/* End PBXBuildFile section */

/* Begin PBXCopyFilesBuildPhase section */
		99B9E4911D40EBF900738100 /* Copy Files */ = {
			isa = PBXCopyFilesBuildPhase;
			buildActionMask = 12;
			dstPath = "";
			dstSubfolderSpec = 16;
			files = (
				62A625E022E8966E007AEA56 /* ImagesTemplate.swift in Copy Files */,
				62492B5D22DE5D9300537757 /* whitelist.txt in Copy Files */,
				62741CAA22DC5DC800B66956 /* ParametersLocalizationTemplate.swift in Copy Files */,
				62CEA90F22DB10E200A20932 /* LocalizationTemplate.swift in Copy Files */,
			);
			name = "Copy Files";
			runOnlyForDeploymentPostprocessing = 0;
		};
/* End PBXCopyFilesBuildPhase section */

/* Begin PBXFileReference section */
		622B8F2C22D9D821001FC1E4 /* ImagesNamespace.swift */ = {isa = PBXFileReference; lastKnownFileType = sourcecode.swift; path = ImagesNamespace.swift; sourceTree = "<group>"; };
		622B8F2F22D9D85B001FC1E4 /* ImagesTemplate.swift */ = {isa = PBXFileReference; lastKnownFileType = sourcecode.swift; path = ImagesTemplate.swift; sourceTree = "<group>"; };
		6247EE3922DBB65D0096078D /* LocalizationParameters.swift */ = {isa = PBXFileReference; lastKnownFileType = sourcecode.swift; path = LocalizationParameters.swift; sourceTree = "<group>"; };
		62492B5C22DE5D3E00537757 /* whitelist.txt */ = {isa = PBXFileReference; lastKnownFileType = text; path = whitelist.txt; sourceTree = "<group>"; };
		62492B5E22DE5E2700537757 /* ImagesParameters.swift */ = {isa = PBXFileReference; lastKnownFileType = sourcecode.swift; path = ImagesParameters.swift; sourceTree = "<group>"; };
		6252986222D87AD200082EC3 /* Tree.swift */ = {isa = PBXFileReference; fileEncoding = 4; lastKnownFileType = sourcecode.swift; path = Tree.swift; sourceTree = "<group>"; };
		6252987522D87DF900082EC3 /* regen-tests.xctest */ = {isa = PBXFileReference; explicitFileType = wrapper.cfbundle; includeInIndex = 0; path = "regen-tests.xctest"; sourceTree = BUILT_PRODUCTS_DIR; };
		6252987722D87DF900082EC3 /* regen_tests.swift */ = {isa = PBXFileReference; lastKnownFileType = sourcecode.swift; path = regen_tests.swift; sourceTree = "<group>"; };
		6252987922D87DF900082EC3 /* Info.plist */ = {isa = PBXFileReference; lastKnownFileType = text.plist.xml; path = Info.plist; sourceTree = "<group>"; };
		6268E5A822D7BBD300D4585A /* Template.swift */ = {isa = PBXFileReference; fileEncoding = 4; lastKnownFileType = sourcecode.swift; path = Template.swift; sourceTree = "<group>"; };
		6268E5A922D7BBD300D4585A /* IfTag.swift */ = {isa = PBXFileReference; fileEncoding = 4; lastKnownFileType = sourcecode.swift; path = IfTag.swift; sourceTree = "<group>"; };
		6268E5AA22D7BBD300D4585A /* Environment.swift */ = {isa = PBXFileReference; fileEncoding = 4; lastKnownFileType = sourcecode.swift; path = Environment.swift; sourceTree = "<group>"; };
		6268E5AB22D7BBD300D4585A /* ForTag.swift */ = {isa = PBXFileReference; fileEncoding = 4; lastKnownFileType = sourcecode.swift; path = ForTag.swift; sourceTree = "<group>"; };
		6268E5AC22D7BBD300D4585A /* Extension.swift */ = {isa = PBXFileReference; fileEncoding = 4; lastKnownFileType = sourcecode.swift; path = Extension.swift; sourceTree = "<group>"; };
		6268E5AD22D7BBD300D4585A /* KeyPath.swift */ = {isa = PBXFileReference; fileEncoding = 4; lastKnownFileType = sourcecode.swift; path = KeyPath.swift; sourceTree = "<group>"; };
		6268E5AE22D7BBD300D4585A /* _SwiftSupport.swift */ = {isa = PBXFileReference; fileEncoding = 4; lastKnownFileType = sourcecode.swift; path = _SwiftSupport.swift; sourceTree = "<group>"; };
		6268E5AF22D7BBD300D4585A /* Loader.swift */ = {isa = PBXFileReference; fileEncoding = 4; lastKnownFileType = sourcecode.swift; path = Loader.swift; sourceTree = "<group>"; };
		6268E5B022D7BBD300D4585A /* Node.swift */ = {isa = PBXFileReference; fileEncoding = 4; lastKnownFileType = sourcecode.swift; path = Node.swift; sourceTree = "<group>"; };
		6268E5B122D7BBD300D4585A /* Parser.swift */ = {isa = PBXFileReference; fileEncoding = 4; lastKnownFileType = sourcecode.swift; path = Parser.swift; sourceTree = "<group>"; };
		6268E5B222D7BBD400D4585A /* Filters.swift */ = {isa = PBXFileReference; fileEncoding = 4; lastKnownFileType = sourcecode.swift; path = Filters.swift; sourceTree = "<group>"; };
		6268E5B322D7BBD400D4585A /* Errors.swift */ = {isa = PBXFileReference; fileEncoding = 4; lastKnownFileType = sourcecode.swift; path = Errors.swift; sourceTree = "<group>"; };
		6268E5B422D7BBD400D4585A /* Expression.swift */ = {isa = PBXFileReference; fileEncoding = 4; lastKnownFileType = sourcecode.swift; path = Expression.swift; sourceTree = "<group>"; };
		6268E5B522D7BBD400D4585A /* Inheritence.swift */ = {isa = PBXFileReference; fileEncoding = 4; lastKnownFileType = sourcecode.swift; path = Inheritence.swift; sourceTree = "<group>"; };
		6268E5B622D7BBD400D4585A /* Tokenizer.swift */ = {isa = PBXFileReference; fileEncoding = 4; lastKnownFileType = sourcecode.swift; path = Tokenizer.swift; sourceTree = "<group>"; };
		6268E5B722D7BBD400D4585A /* Include.swift */ = {isa = PBXFileReference; fileEncoding = 4; lastKnownFileType = sourcecode.swift; path = Include.swift; sourceTree = "<group>"; };
		6268E5B822D7BBD400D4585A /* Lexer.swift */ = {isa = PBXFileReference; fileEncoding = 4; lastKnownFileType = sourcecode.swift; path = Lexer.swift; sourceTree = "<group>"; };
		6268E5B922D7BBD400D4585A /* NowTag.swift */ = {isa = PBXFileReference; fileEncoding = 4; lastKnownFileType = sourcecode.swift; path = NowTag.swift; sourceTree = "<group>"; };
		6268E5BA22D7BBD400D4585A /* Variable.swift */ = {isa = PBXFileReference; fileEncoding = 4; lastKnownFileType = sourcecode.swift; path = Variable.swift; sourceTree = "<group>"; };
		6268E5BB22D7BBD400D4585A /* Context.swift */ = {isa = PBXFileReference; fileEncoding = 4; lastKnownFileType = sourcecode.swift; path = Context.swift; sourceTree = "<group>"; };
		6268E5BC22D7BBD400D4585A /* FilterTag.swift */ = {isa = PBXFileReference; fileEncoding = 4; lastKnownFileType = sourcecode.swift; path = FilterTag.swift; sourceTree = "<group>"; };
		6268E5D422D7BE6200D4585A /* PathKit.swift */ = {isa = PBXFileReference; fileEncoding = 4; lastKnownFileType = sourcecode.swift; path = PathKit.swift; sourceTree = "<group>"; };
		62741CA922DC5DBF00B66956 /* ParametersLocalizationTemplate.swift */ = {isa = PBXFileReference; lastKnownFileType = sourcecode.swift; path = ParametersLocalizationTemplate.swift; sourceTree = "<group>"; };
		62793D3B222D6A140039D3F8 /* LocalizationTemplate.swift */ = {isa = PBXFileReference; lastKnownFileType = sourcecode.swift; path = LocalizationTemplate.swift; sourceTree = "<group>"; };
		627F4E9922DF551A0090E24F /* CommandLineParameter.swift */ = {isa = PBXFileReference; lastKnownFileType = sourcecode.swift; path = CommandLineParameter.swift; sourceTree = "<group>"; };
		627F4E9C22DF59EF0090E24F /* LocalizationParametersParser.swift */ = {isa = PBXFileReference; lastKnownFileType = sourcecode.swift; path = LocalizationParametersParser.swift; sourceTree = "<group>"; };
		62A625DB22E87AA1007AEA56 /* StringClassNameTests.swift */ = {isa = PBXFileReference; lastKnownFileType = sourcecode.swift; path = StringClassNameTests.swift; sourceTree = "<group>"; };
		62A625DD22E87E8B007AEA56 /* ImagesParametersParser.swift */ = {isa = PBXFileReference; lastKnownFileType = sourcecode.swift; path = ImagesParametersParser.swift; sourceTree = "<group>"; };
		62F5CC1122D8AB41002B28B5 /* ArgumentsParserTests.swift */ = {isa = PBXFileReference; lastKnownFileType = sourcecode.swift; path = ArgumentsParserTests.swift; sourceTree = "<group>"; };
		62F5CC1322D8C1AA002B28B5 /* LocalizationNamespace.swift */ = {isa = PBXFileReference; lastKnownFileType = sourcecode.swift; path = LocalizationNamespace.swift; sourceTree = "<group>"; };
		992D521A1F8418EB00258395 /* ClassName.swift */ = {isa = PBXFileReference; lastKnownFileType = sourcecode.swift; path = ClassName.swift; sourceTree = "<group>"; };
		994BF8311F8275B9006A62C3 /* ImageNodeItem.swift */ = {isa = PBXFileReference; lastKnownFileType = sourcecode.swift; path = ImageNodeItem.swift; sourceTree = "<group>"; };
		994BF8331F8275DB006A62C3 /* Property.swift */ = {isa = PBXFileReference; lastKnownFileType = sourcecode.swift; path = Property.swift; sourceTree = "<group>"; };
		994BF8351F8275FF006A62C3 /* Image.swift */ = {isa = PBXFileReference; lastKnownFileType = sourcecode.swift; path = Image.swift; sourceTree = "<group>"; };
		99667CD01F8C064B00D4A853 /* FileUtils.swift */ = {isa = PBXFileReference; lastKnownFileType = sourcecode.swift; path = FileUtils.swift; sourceTree = "<group>"; };
		99ABD9F31EC7185D00032E1B /* OperationTimer.swift */ = {isa = PBXFileReference; fileEncoding = 4; lastKnownFileType = sourcecode.swift; path = OperationTimer.swift; sourceTree = "<group>"; };
		99AF6AF11EC5EB9600C91BA8 /* Logger.swift */ = {isa = PBXFileReference; fileEncoding = 4; lastKnownFileType = sourcecode.swift; path = Logger.swift; sourceTree = "<group>"; };
		99B9E4931D40EBF900738100 /* regen */ = {isa = PBXFileReference; explicitFileType = "compiled.mach-o.executable"; includeInIndex = 0; path = regen; sourceTree = BUILT_PRODUCTS_DIR; };
		99B9E49D1D40EC1B00738100 /* ArgumentsParser.swift */ = {isa = PBXFileReference; fileEncoding = 4; lastKnownFileType = sourcecode.swift; path = ArgumentsParser.swift; sourceTree = "<group>"; };
		99B9E49E1D40EC1B00738100 /* ImageesAssetsFinder.swift */ = {isa = PBXFileReference; fileEncoding = 4; lastKnownFileType = sourcecode.swift; path = ImageesAssetsFinder.swift; sourceTree = "<group>"; };
		99B9E49F1D40EC1B00738100 /* Colors.swift */ = {isa = PBXFileReference; fileEncoding = 4; lastKnownFileType = sourcecode.swift; path = Colors.swift; sourceTree = "<group>"; };
		99B9E4A01D40EC1B00738100 /* ImagesetParser.swift */ = {isa = PBXFileReference; fileEncoding = 4; lastKnownFileType = sourcecode.swift; path = ImagesetParser.swift; sourceTree = "<group>"; };
		99B9E4A11D40EC1B00738100 /* ImagesFinder.swift */ = {isa = PBXFileReference; fileEncoding = 4; lastKnownFileType = sourcecode.swift; path = ImagesFinder.swift; sourceTree = "<group>"; };
		99B9E4A21D40EC1B00738100 /* ImagesOperation.swift */ = {isa = PBXFileReference; fileEncoding = 4; lastKnownFileType = sourcecode.swift; path = ImagesOperation.swift; sourceTree = "<group>"; };
		99B9E4A31D40EC1B00738100 /* ImagesClassGeneratorObjC.swift */ = {isa = PBXFileReference; fileEncoding = 4; lastKnownFileType = sourcecode.swift; path = ImagesClassGeneratorObjC.swift; sourceTree = "<group>"; };
		99B9E4A41D40EC1B00738100 /* ImagesValidator.swift */ = {isa = PBXFileReference; fileEncoding = 4; lastKnownFileType = sourcecode.swift; path = ImagesValidator.swift; sourceTree = "<group>"; };
		99B9E4A61D40EC1B00738100 /* LocalizationFinder.swift */ = {isa = PBXFileReference; fileEncoding = 4; lastKnownFileType = sourcecode.swift; path = LocalizationFinder.swift; sourceTree = "<group>"; };
		99B9E4A71D40EC1B00738100 /* LocalizationOperation.swift */ = {isa = PBXFileReference; fileEncoding = 4; lastKnownFileType = sourcecode.swift; path = LocalizationOperation.swift; sourceTree = "<group>"; };
		99B9E4A81D40EC1B00738100 /* LocalizationParser.swift */ = {isa = PBXFileReference; fileEncoding = 4; lastKnownFileType = sourcecode.swift; path = LocalizationParser.swift; sourceTree = "<group>"; };
		99B9E4A91D40EC1B00738100 /* main.swift */ = {isa = PBXFileReference; fileEncoding = 4; lastKnownFileType = sourcecode.swift; path = main.swift; sourceTree = "<group>"; };
		99B9E4AA1D40EC1B00738100 /* OperationType.swift */ = {isa = PBXFileReference; fileEncoding = 4; lastKnownFileType = sourcecode.swift; path = OperationType.swift; sourceTree = "<group>"; };
		99B9E4AB1D40EC1B00738100 /* PropertyName.swift */ = {isa = PBXFileReference; fileEncoding = 4; lastKnownFileType = sourcecode.swift; path = PropertyName.swift; sourceTree = "<group>"; };
		99B9E4AC1D40EC1B00738100 /* Usage.swift */ = {isa = PBXFileReference; fileEncoding = 4; lastKnownFileType = sourcecode.swift; path = Usage.swift; sourceTree = "<group>"; };
		99B9E4AD1D40EC1B00738100 /* Version.swift */ = {isa = PBXFileReference; fileEncoding = 4; lastKnownFileType = sourcecode.swift; path = Version.swift; sourceTree = "<group>"; };
		99D74E1A1EC3919D003BFACE /* ImagesClassGeneratorSwift.swift */ = {isa = PBXFileReference; fileEncoding = 4; lastKnownFileType = sourcecode.swift; path = ImagesClassGeneratorSwift.swift; sourceTree = "<group>"; };
		99D74E1C1EC391BE003BFACE /* ImagesClassGenerator.swift */ = {isa = PBXFileReference; fileEncoding = 4; lastKnownFileType = sourcecode.swift; path = ImagesClassGenerator.swift; sourceTree = "<group>"; };
/* End PBXFileReference section */

/* Begin PBXFrameworksBuildPhase section */
		6252987222D87DF900082EC3 /* Frameworks */ = {
			isa = PBXFrameworksBuildPhase;
			buildActionMask = 2147483647;
			files = (
			);
			runOnlyForDeploymentPostprocessing = 0;
		};
		99B9E4901D40EBF900738100 /* Frameworks */ = {
			isa = PBXFrameworksBuildPhase;
			buildActionMask = 2147483647;
			files = (
			);
			runOnlyForDeploymentPostprocessing = 0;
		};
/* End PBXFrameworksBuildPhase section */

/* Begin PBXGroup section */
		6252985F22D87AAA00082EC3 /* General Models */ = {
			isa = PBXGroup;
			children = (
				6252986222D87AD200082EC3 /* Tree.swift */,
				627F4E9922DF551A0090E24F /* CommandLineParameter.swift */,
			);
			path = "General Models";
			sourceTree = "<group>";
		};
		6252986422D87B6500082EC3 /* Colors */ = {
			isa = PBXGroup;
			children = (
				99B9E49F1D40EC1B00738100 /* Colors.swift */,
			);
			path = Colors;
			sourceTree = "<group>";
		};
		6252987622D87DF900082EC3 /* regen-tests */ = {
			isa = PBXGroup;
			children = (
				6252987722D87DF900082EC3 /* regen_tests.swift */,
				6252987922D87DF900082EC3 /* Info.plist */,
				62F5CC1122D8AB41002B28B5 /* ArgumentsParserTests.swift */,
				62A625DB22E87AA1007AEA56 /* StringClassNameTests.swift */,
			);
			path = "regen-tests";
			sourceTree = "<group>";
		};
		6268E5A622D7BB9800D4585A /* Dependencies */ = {
			isa = PBXGroup;
			children = (
				6252986422D87B6500082EC3 /* Colors */,
				6268E5D322D7BE5000D4585A /* PathKit */,
				6268E5A722D7BBCB00D4585A /* Stencil */,
			);
			path = Dependencies;
			sourceTree = "<group>";
		};
		6268E5A722D7BBCB00D4585A /* Stencil */ = {
			isa = PBXGroup;
			children = (
				6268E5AE22D7BBD300D4585A /* _SwiftSupport.swift */,
				6268E5BB22D7BBD400D4585A /* Context.swift */,
				6268E5AA22D7BBD300D4585A /* Environment.swift */,
				6268E5B322D7BBD400D4585A /* Errors.swift */,
				6268E5B422D7BBD400D4585A /* Expression.swift */,
				6268E5AC22D7BBD300D4585A /* Extension.swift */,
				6268E5B222D7BBD400D4585A /* Filters.swift */,
				6268E5BC22D7BBD400D4585A /* FilterTag.swift */,
				6268E5AB22D7BBD300D4585A /* ForTag.swift */,
				6268E5A922D7BBD300D4585A /* IfTag.swift */,
				6268E5B722D7BBD400D4585A /* Include.swift */,
				6268E5B522D7BBD400D4585A /* Inheritence.swift */,
				6268E5AD22D7BBD300D4585A /* KeyPath.swift */,
				6268E5B822D7BBD400D4585A /* Lexer.swift */,
				6268E5AF22D7BBD300D4585A /* Loader.swift */,
				6268E5B022D7BBD300D4585A /* Node.swift */,
				6268E5B922D7BBD400D4585A /* NowTag.swift */,
				6268E5B122D7BBD300D4585A /* Parser.swift */,
				6268E5A822D7BBD300D4585A /* Template.swift */,
				6268E5B622D7BBD400D4585A /* Tokenizer.swift */,
				6268E5BA22D7BBD400D4585A /* Variable.swift */,
			);
			path = Stencil;
			sourceTree = "<group>";
		};
		6268E5D322D7BE5000D4585A /* PathKit */ = {
			isa = PBXGroup;
			children = (
				6268E5D422D7BE6200D4585A /* PathKit.swift */,
			);
			path = PathKit;
			sourceTree = "<group>";
		};
		62793D3C222D6A200039D3F8 /* Resources */ = {
			isa = PBXGroup;
			children = (
				62793D3B222D6A140039D3F8 /* LocalizationTemplate.swift */,
				62741CA922DC5DBF00B66956 /* ParametersLocalizationTemplate.swift */,
				622B8F2F22D9D85B001FC1E4 /* ImagesTemplate.swift */,
				62492B5C22DE5D3E00537757 /* whitelist.txt */,
			);
			path = Resources;
			sourceTree = "<group>";
		};
		627F4E9B22DF552F0090E24F /* Models */ = {
			isa = PBXGroup;
			children = (
				6247EE3922DBB65D0096078D /* LocalizationParameters.swift */,
			);
			path = Models;
			sourceTree = "<group>";
		};
		994BF8301F827590006A62C3 /* Model */ = {
			isa = PBXGroup;
			children = (
				62492B5E22DE5E2700537757 /* ImagesParameters.swift */,
				994BF8311F8275B9006A62C3 /* ImageNodeItem.swift */,
				994BF8331F8275DB006A62C3 /* Property.swift */,
				994BF8351F8275FF006A62C3 /* Image.swift */,
			);
			path = Model;
			sourceTree = "<group>";
		};
		997179181F7D6FDA00FF8AB2 /* Frameworks */ = {
			isa = PBXGroup;
			children = (
			);
			name = Frameworks;
			sourceTree = "<group>";
		};
		99B9E48A1D40EBF900738100 = {
			isa = PBXGroup;
			children = (
				99B9E4951D40EBF900738100 /* regen */,
				6252987622D87DF900082EC3 /* regen-tests */,
				99B9E4941D40EBF900738100 /* Products */,
				997179181F7D6FDA00FF8AB2 /* Frameworks */,
			);
			sourceTree = "<group>";
		};
		99B9E4941D40EBF900738100 /* Products */ = {
			isa = PBXGroup;
			children = (
				99B9E4931D40EBF900738100 /* regen */,
				6252987522D87DF900082EC3 /* regen-tests.xctest */,
			);
			name = Products;
			sourceTree = "<group>";
		};
		99B9E4951D40EBF900738100 /* regen */ = {
			isa = PBXGroup;
			children = (
				6268E5A622D7BB9800D4585A /* Dependencies */,
				62793D3C222D6A200039D3F8 /* Resources */,
				6252985F22D87AAA00082EC3 /* General Models */,
				99BEB1FA1F78C354002D9E05 /* Localization */,
				99BEB1F91F78C342002D9E05 /* Images */,
				99BEB1FC1F78C36F002D9E05 /* Utilities */,
				99B9E49D1D40EC1B00738100 /* ArgumentsParser.swift */,
				99B9E4AA1D40EC1B00738100 /* OperationType.swift */,
				99B9E4AC1D40EC1B00738100 /* Usage.swift */,
				99B9E4AD1D40EC1B00738100 /* Version.swift */,
				99B9E4A91D40EC1B00738100 /* main.swift */,
			);
			path = regen;
			sourceTree = "<group>";
		};
		99BEB1F91F78C342002D9E05 /* Images */ = {
			isa = PBXGroup;
			children = (
				994BF8301F827590006A62C3 /* Model */,
				622B8F2C22D9D821001FC1E4 /* ImagesNamespace.swift */,
				99D74E1C1EC391BE003BFACE /* ImagesClassGenerator.swift */,
				99B9E4A31D40EC1B00738100 /* ImagesClassGeneratorObjC.swift */,
				99D74E1A1EC3919D003BFACE /* ImagesClassGeneratorSwift.swift */,
				99B9E49E1D40EC1B00738100 /* ImageesAssetsFinder.swift */,
				99B9E4A01D40EC1B00738100 /* ImagesetParser.swift */,
				99B9E4A11D40EC1B00738100 /* ImagesFinder.swift */,
				99B9E4A41D40EC1B00738100 /* ImagesValidator.swift */,
				99B9E4AB1D40EC1B00738100 /* PropertyName.swift */,
				992D521A1F8418EB00258395 /* ClassName.swift */,
				99B9E4A21D40EC1B00738100 /* ImagesOperation.swift */,
				62A625DD22E87E8B007AEA56 /* ImagesParametersParser.swift */,
			);
			path = Images;
			sourceTree = "<group>";
		};
		99BEB1FA1F78C354002D9E05 /* Localization */ = {
			isa = PBXGroup;
			children = (
				627F4E9B22DF552F0090E24F /* Models */,
				62F5CC1322D8C1AA002B28B5 /* LocalizationNamespace.swift */,
				99B9E4A61D40EC1B00738100 /* LocalizationFinder.swift */,
				99B9E4A81D40EC1B00738100 /* LocalizationParser.swift */,
				99B9E4A71D40EC1B00738100 /* LocalizationOperation.swift */,
				627F4E9C22DF59EF0090E24F /* LocalizationParametersParser.swift */,
			);
			path = Localization;
			sourceTree = "<group>";
		};
		99BEB1FC1F78C36F002D9E05 /* Utilities */ = {
			isa = PBXGroup;
			children = (
				99AF6AF11EC5EB9600C91BA8 /* Logger.swift */,
				99ABD9F31EC7185D00032E1B /* OperationTimer.swift */,
				99667CD01F8C064B00D4A853 /* FileUtils.swift */,
			);
			path = Utilities;
			sourceTree = "<group>";
		};
/* End PBXGroup section */

/* Begin PBXNativeTarget section */
		6252987422D87DF900082EC3 /* regen-tests */ = {
			isa = PBXNativeTarget;
			buildConfigurationList = 6252987A22D87DF900082EC3 /* Build configuration list for PBXNativeTarget "regen-tests" */;
			buildPhases = (
				6252987122D87DF900082EC3 /* Sources */,
				6252987222D87DF900082EC3 /* Frameworks */,
				6252987322D87DF900082EC3 /* Resources */,
			);
			buildRules = (
			);
			dependencies = (
			);
			name = "regen-tests";
			productName = "regen-tests";
			productReference = 6252987522D87DF900082EC3 /* regen-tests.xctest */;
			productType = "com.apple.product-type.bundle.unit-test";
		};
		99B9E4921D40EBF900738100 /* regen */ = {
			isa = PBXNativeTarget;
			buildConfigurationList = 99B9E49A1D40EBF900738100 /* Build configuration list for PBXNativeTarget "regen" */;
			buildPhases = (
				99B9E48F1D40EBF900738100 /* Sources */,
				99B9E4901D40EBF900738100 /* Frameworks */,
				99B9E4911D40EBF900738100 /* Copy Files */,
			);
			buildRules = (
			);
			dependencies = (
			);
			name = regen;
			productName = regen;
			productReference = 99B9E4931D40EBF900738100 /* regen */;
			productType = "com.apple.product-type.tool";
		};
/* End PBXNativeTarget section */

/* Begin PBXProject section */
		99B9E48B1D40EBF900738100 /* Project object */ = {
			isa = PBXProject;
			attributes = {
				LastSwiftUpdateCheck = 1020;
				LastUpgradeCheck = 0900;
				ORGANIZATIONNAME = "Ido Mizrachi";
				TargetAttributes = {
					6252987422D87DF900082EC3 = {
						CreatedOnToolsVersion = 10.2.1;
					};
					99B9E4921D40EBF900738100 = {
						CreatedOnToolsVersion = 7.3.1;
						LastSwiftMigration = 0900;
					};
				};
			};
			buildConfigurationList = 99B9E48E1D40EBF900738100 /* Build configuration list for PBXProject "regen" */;
			compatibilityVersion = "Xcode 3.2";
			developmentRegion = English;
			hasScannedForEncodings = 0;
			knownRegions = (
				English,
				en,
			);
			mainGroup = 99B9E48A1D40EBF900738100;
			productRefGroup = 99B9E4941D40EBF900738100 /* Products */;
			projectDirPath = "";
			projectRoot = "";
			targets = (
				99B9E4921D40EBF900738100 /* regen */,
				6252987422D87DF900082EC3 /* regen-tests */,
			);
		};
/* End PBXProject section */

/* Begin PBXResourcesBuildPhase section */
		6252987322D87DF900082EC3 /* Resources */ = {
			isa = PBXResourcesBuildPhase;
			buildActionMask = 2147483647;
			files = (
			);
			runOnlyForDeploymentPostprocessing = 0;
		};
/* End PBXResourcesBuildPhase section */

/* Begin PBXSourcesBuildPhase section */
		6252987122D87DF900082EC3 /* Sources */ = {
			isa = PBXSourcesBuildPhase;
			buildActionMask = 2147483647;
			files = (
				6236BBA622ECD7AC002615E9 /* _SwiftSupport.swift in Sources */,
				6236BBA722ECD7AC002615E9 /* Context.swift in Sources */,
				6236BBA822ECD7AC002615E9 /* Environment.swift in Sources */,
				6236BBA922ECD7AC002615E9 /* Errors.swift in Sources */,
				6236BBAA22ECD7AC002615E9 /* Expression.swift in Sources */,
				6236BBAB22ECD7AD002615E9 /* Extension.swift in Sources */,
				6236BBAC22ECD7AD002615E9 /* Filters.swift in Sources */,
				6236BBAD22ECD7AD002615E9 /* FilterTag.swift in Sources */,
				6236BBAE22ECD7AD002615E9 /* ForTag.swift in Sources */,
				6236BBAF22ECD7AD002615E9 /* IfTag.swift in Sources */,
				6236BBB022ECD7AD002615E9 /* Include.swift in Sources */,
				6236BBB122ECD7AD002615E9 /* Inheritence.swift in Sources */,
				6236BBB222ECD7AD002615E9 /* KeyPath.swift in Sources */,
				6236BBB322ECD7AD002615E9 /* Lexer.swift in Sources */,
				6236BBB422ECD7AD002615E9 /* Loader.swift in Sources */,
				6236BBB522ECD7AD002615E9 /* Node.swift in Sources */,
				6236BBB622ECD7AD002615E9 /* NowTag.swift in Sources */,
				6236BBB722ECD7AD002615E9 /* Parser.swift in Sources */,
				6236BBB822ECD7AD002615E9 /* Template.swift in Sources */,
				6236BBB922ECD7AD002615E9 /* Tokenizer.swift in Sources */,
				6236BBBA22ECD7AD002615E9 /* Variable.swift in Sources */,
				622B8F2E22D9D821001FC1E4 /* ImagesNamespace.swift in Sources */,
				624516F522E6336200E86FB1 /* CommandLineParameter.swift in Sources */,
				62F5CC1522D8D607002B28B5 /* LocalizationNamespace.swift in Sources */,
				624516F822E633D700E86FB1 /* Property.swift in Sources */,
				6252987822D87DF900082EC3 /* regen_tests.swift in Sources */,
				62F5CC1022D8AAA7002B28B5 /* OperationType.swift in Sources */,
				6236BBBB22ECE207002615E9 /* PathKit.swift in Sources */,
				62F5CC0F22D8A99F002B28B5 /* ArgumentsParser.swift in Sources */,
				62F5CC1222D8AB41002B28B5 /* ArgumentsParserTests.swift in Sources */,
				624516FD22E6353200E86FB1 /* ImagesValidator.swift in Sources */,
				624516FE22E6353B00E86FB1 /* ClassName.swift in Sources */,
				62A625DF22E87E8B007AEA56 /* ImagesParametersParser.swift in Sources */,
				62F5CC0C22D87ECB002B28B5 /* Colors.swift in Sources */,
				624516F622E6337A00E86FB1 /* ImageesAssetsFinder.swift in Sources */,
				624516FB22E633FF00E86FB1 /* ImageNodeItem.swift in Sources */,
				624516FA22E633F200E86FB1 /* Tree.swift in Sources */,
				624516F722E6339100E86FB1 /* Image.swift in Sources */,
				622B8F3122D9D919001FC1E4 /* ImagesetParser.swift in Sources */,
				624516F222E632F500E86FB1 /* LocalizationParameters.swift in Sources */,
				62F5CC0B22D87EB2002B28B5 /* Usage.swift in Sources */,
				62F5CC1622D8D621002B28B5 /* ImagesOperation.swift in Sources */,
				624516F322E632FF00E86FB1 /* ImagesParameters.swift in Sources */,
				624516FC22E6340D00E86FB1 /* ImagesFinder.swift in Sources */,
				624516F422E6334C00E86FB1 /* LocalizationParametersParser.swift in Sources */,
				62A625DC22E87AA1007AEA56 /* StringClassNameTests.swift in Sources */,
				624516F922E633E100E86FB1 /* PropertyName.swift in Sources */,
			);
			runOnlyForDeploymentPostprocessing = 0;
		};
		99B9E48F1D40EBF900738100 /* Sources */ = {
			isa = PBXSourcesBuildPhase;
			buildActionMask = 2147483647;
			files = (
				99B9E4B41D40EC1B00738100 /* ImagesClassGeneratorObjC.swift in Sources */,
				6268E5C722D7BBD400D4585A /* Filters.swift in Sources */,
				6268E5CE22D7BBD400D4585A /* NowTag.swift in Sources */,
				6268E5BF22D7BBD400D4585A /* Environment.swift in Sources */,
				99B9E4BA1D40EC1B00738100 /* main.swift in Sources */,
				99B9E4AF1D40EC1B00738100 /* ImageesAssetsFinder.swift in Sources */,
				6268E5C922D7BBD400D4585A /* Expression.swift in Sources */,
				99B9E4B31D40EC1B00738100 /* ImagesOperation.swift in Sources */,
				99D74E1D1EC391BE003BFACE /* ImagesClassGenerator.swift in Sources */,
				994BF8341F8275DB006A62C3 /* Property.swift in Sources */,
				6268E5D522D7BE6200D4585A /* PathKit.swift in Sources */,
				6268E5C522D7BBD400D4585A /* Node.swift in Sources */,
				6268E5C322D7BBD400D4585A /* _SwiftSupport.swift in Sources */,
				994BF8361F8275FF006A62C3 /* Image.swift in Sources */,
				99B9E4B11D40EC1B00738100 /* ImagesetParser.swift in Sources */,
				627F4E9D22DF59EF0090E24F /* LocalizationParametersParser.swift in Sources */,
				994BF8321F8275B9006A62C3 /* ImageNodeItem.swift in Sources */,
				99D74E1B1EC3919D003BFACE /* ImagesClassGeneratorSwift.swift in Sources */,
				6268E5D022D7BBD400D4585A /* Context.swift in Sources */,
				99AF6AF21EC5EB9600C91BA8 /* Logger.swift in Sources */,
				99B9E4B91D40EC1B00738100 /* LocalizationParser.swift in Sources */,
				6268E5C622D7BBD400D4585A /* Parser.swift in Sources */,
				6268E5CC22D7BBD400D4585A /* Include.swift in Sources */,
				99B9E4B51D40EC1B00738100 /* ImagesValidator.swift in Sources */,
				6268E5C222D7BBD400D4585A /* KeyPath.swift in Sources */,
				6268E5BD22D7BBD400D4585A /* Template.swift in Sources */,
				99B9E4BE1D40EC1B00738100 /* Version.swift in Sources */,
				6268E5CA22D7BBD400D4585A /* Inheritence.swift in Sources */,
				99B9E4B01D40EC1B00738100 /* Colors.swift in Sources */,
				99B9E4B81D40EC1B00738100 /* LocalizationOperation.swift in Sources */,
				6268E5C822D7BBD400D4585A /* Errors.swift in Sources */,
				99B9E4B21D40EC1B00738100 /* ImagesFinder.swift in Sources */,
				6268E5CF22D7BBD400D4585A /* Variable.swift in Sources */,
				6247EE3A22DBB65D0096078D /* LocalizationParameters.swift in Sources */,
				6268E5CB22D7BBD400D4585A /* Tokenizer.swift in Sources */,
				99ABD9F41EC7185D00032E1B /* OperationTimer.swift in Sources */,
				6252986322D87AD200082EC3 /* Tree.swift in Sources */,
				627F4E9A22DF551A0090E24F /* CommandLineParameter.swift in Sources */,
				6268E5C022D7BBD400D4585A /* ForTag.swift in Sources */,
				99B9E4BD1D40EC1B00738100 /* Usage.swift in Sources */,
				622B8F2D22D9D821001FC1E4 /* ImagesNamespace.swift in Sources */,
				99B9E4BC1D40EC1B00738100 /* PropertyName.swift in Sources */,
				6268E5D122D7BBD400D4585A /* FilterTag.swift in Sources */,
				6268E5C122D7BBD400D4585A /* Extension.swift in Sources */,
				99667CD11F8C064B00D4A853 /* FileUtils.swift in Sources */,
				62A625DE22E87E8B007AEA56 /* ImagesParametersParser.swift in Sources */,
				99B9E4BB1D40EC1B00738100 /* OperationType.swift in Sources */,
				6268E5CD22D7BBD400D4585A /* Lexer.swift in Sources */,
				99B9E4B71D40EC1B00738100 /* LocalizationFinder.swift in Sources */,
				6268E5BE22D7BBD400D4585A /* IfTag.swift in Sources */,
				62492B5F22DE5E2700537757 /* ImagesParameters.swift in Sources */,
				62F5CC1422D8C1AA002B28B5 /* LocalizationNamespace.swift in Sources */,
				6268E5C422D7BBD400D4585A /* Loader.swift in Sources */,
				99B9E4AE1D40EC1B00738100 /* ArgumentsParser.swift in Sources */,
				992D521B1F8418EB00258395 /* ClassName.swift in Sources */,
			);
			runOnlyForDeploymentPostprocessing = 0;
		};
/* End PBXSourcesBuildPhase section */

/* Begin XCBuildConfiguration section */
		6252987B22D87DF900082EC3 /* Debug */ = {
			isa = XCBuildConfiguration;
			buildSettings = {
				CLANG_ANALYZER_NUMBER_OBJECT_CONVERSION = YES_AGGRESSIVE;
				CLANG_CXX_LANGUAGE_STANDARD = "gnu++14";
				CLANG_ENABLE_OBJC_WEAK = YES;
				CLANG_WARN_DEPRECATED_OBJC_IMPLEMENTATIONS = YES;
				CLANG_WARN_DOCUMENTATION_COMMENTS = YES;
				CLANG_WARN_OBJC_IMPLICIT_RETAIN_SELF = YES;
				CLANG_WARN_UNGUARDED_AVAILABILITY = YES_AGGRESSIVE;
				COMBINE_HIDPI_IMAGES = YES;
				DEVELOPMENT_TEAM = "";
				GCC_C_LANGUAGE_STANDARD = gnu11;
				INFOPLIST_FILE = "regen-tests/Info.plist";
				LD_RUNPATH_SEARCH_PATHS = "$(inherited) @executable_path/../Frameworks @loader_path/../Frameworks";
				MACOSX_DEPLOYMENT_TARGET = 10.14;
				MTL_ENABLE_DEBUG_INFO = INCLUDE_SOURCE;
				MTL_FAST_MATH = YES;
				PRODUCT_BUNDLE_IDENTIFIER = "com.idomizrachi.regen-tests";
				PRODUCT_NAME = "$(TARGET_NAME)";
				PROVISIONING_PROFILE_SPECIFIER = "";
				SWIFT_ACTIVE_COMPILATION_CONDITIONS = DEBUG;
			};
			name = Debug;
		};
		6252987C22D87DF900082EC3 /* Release */ = {
			isa = XCBuildConfiguration;
			buildSettings = {
				CLANG_ANALYZER_NUMBER_OBJECT_CONVERSION = YES_AGGRESSIVE;
				CLANG_CXX_LANGUAGE_STANDARD = "gnu++14";
				CLANG_ENABLE_OBJC_WEAK = YES;
				CLANG_WARN_DEPRECATED_OBJC_IMPLEMENTATIONS = YES;
				CLANG_WARN_DOCUMENTATION_COMMENTS = YES;
				CLANG_WARN_OBJC_IMPLICIT_RETAIN_SELF = YES;
				CLANG_WARN_UNGUARDED_AVAILABILITY = YES_AGGRESSIVE;
				COMBINE_HIDPI_IMAGES = YES;
				DEVELOPMENT_TEAM = "";
				GCC_C_LANGUAGE_STANDARD = gnu11;
				INFOPLIST_FILE = "regen-tests/Info.plist";
				LD_RUNPATH_SEARCH_PATHS = "$(inherited) @executable_path/../Frameworks @loader_path/../Frameworks";
				MACOSX_DEPLOYMENT_TARGET = 10.14;
				MTL_FAST_MATH = YES;
				PRODUCT_BUNDLE_IDENTIFIER = "com.idomizrachi.regen-tests";
				PRODUCT_NAME = "$(TARGET_NAME)";
				PROVISIONING_PROFILE_SPECIFIER = "";
			};
			name = Release;
		};
		99B9E4981D40EBF900738100 /* Debug */ = {
			isa = XCBuildConfiguration;
			buildSettings = {
				ALWAYS_SEARCH_USER_PATHS = NO;
				CLANG_ANALYZER_NONNULL = YES;
				CLANG_CXX_LANGUAGE_STANDARD = "gnu++0x";
				CLANG_CXX_LIBRARY = "libc++";
				CLANG_ENABLE_MODULES = YES;
				CLANG_ENABLE_OBJC_ARC = YES;
				CLANG_WARN_BLOCK_CAPTURE_AUTORELEASING = YES;
				CLANG_WARN_BOOL_CONVERSION = YES;
				CLANG_WARN_COMMA = YES;
				CLANG_WARN_CONSTANT_CONVERSION = YES;
				CLANG_WARN_DIRECT_OBJC_ISA_USAGE = YES_ERROR;
				CLANG_WARN_EMPTY_BODY = YES;
				CLANG_WARN_ENUM_CONVERSION = YES;
				CLANG_WARN_INFINITE_RECURSION = YES;
				CLANG_WARN_INT_CONVERSION = YES;
				CLANG_WARN_NON_LITERAL_NULL_CONVERSION = YES;
				CLANG_WARN_OBJC_LITERAL_CONVERSION = YES;
				CLANG_WARN_OBJC_ROOT_CLASS = YES_ERROR;
				CLANG_WARN_RANGE_LOOP_ANALYSIS = YES;
				CLANG_WARN_STRICT_PROTOTYPES = YES;
				CLANG_WARN_SUSPICIOUS_MOVE = YES;
				CLANG_WARN_UNREACHABLE_CODE = YES;
				CLANG_WARN__DUPLICATE_METHOD_MATCH = YES;
				COPY_PHASE_STRIP = NO;
				DEBUG_INFORMATION_FORMAT = dwarf;
				ENABLE_STRICT_OBJC_MSGSEND = YES;
				ENABLE_TESTABILITY = YES;
				GCC_C_LANGUAGE_STANDARD = gnu99;
				GCC_DYNAMIC_NO_PIC = NO;
				GCC_NO_COMMON_BLOCKS = YES;
				GCC_OPTIMIZATION_LEVEL = 0;
				GCC_PREPROCESSOR_DEFINITIONS = (
					"DEBUG=1",
					"$(inherited)",
				);
				GCC_WARN_64_TO_32_BIT_CONVERSION = YES;
				GCC_WARN_ABOUT_RETURN_TYPE = YES_ERROR;
				GCC_WARN_UNDECLARED_SELECTOR = YES;
				GCC_WARN_UNINITIALIZED_AUTOS = YES_AGGRESSIVE;
				GCC_WARN_UNUSED_FUNCTION = YES;
				GCC_WARN_UNUSED_VARIABLE = YES;
				MACOSX_DEPLOYMENT_TARGET = 10.11;
				MTL_ENABLE_DEBUG_INFO = YES;
				ONLY_ACTIVE_ARCH = YES;
				SDKROOT = macosx;
				SWIFT_OPTIMIZATION_LEVEL = "-Onone";
				SWIFT_SWIFT3_OBJC_INFERENCE = Off;
				SWIFT_VERSION = 4.0;
			};
			name = Debug;
		};
		99B9E4991D40EBF900738100 /* Release */ = {
			isa = XCBuildConfiguration;
			buildSettings = {
				ALWAYS_SEARCH_USER_PATHS = NO;
				CLANG_ANALYZER_NONNULL = YES;
				CLANG_CXX_LANGUAGE_STANDARD = "gnu++0x";
				CLANG_CXX_LIBRARY = "libc++";
				CLANG_ENABLE_MODULES = YES;
				CLANG_ENABLE_OBJC_ARC = YES;
				CLANG_WARN_BLOCK_CAPTURE_AUTORELEASING = YES;
				CLANG_WARN_BOOL_CONVERSION = YES;
				CLANG_WARN_COMMA = YES;
				CLANG_WARN_CONSTANT_CONVERSION = YES;
				CLANG_WARN_DIRECT_OBJC_ISA_USAGE = YES_ERROR;
				CLANG_WARN_EMPTY_BODY = YES;
				CLANG_WARN_ENUM_CONVERSION = YES;
				CLANG_WARN_INFINITE_RECURSION = YES;
				CLANG_WARN_INT_CONVERSION = YES;
				CLANG_WARN_NON_LITERAL_NULL_CONVERSION = YES;
				CLANG_WARN_OBJC_LITERAL_CONVERSION = YES;
				CLANG_WARN_OBJC_ROOT_CLASS = YES_ERROR;
				CLANG_WARN_RANGE_LOOP_ANALYSIS = YES;
				CLANG_WARN_STRICT_PROTOTYPES = YES;
				CLANG_WARN_SUSPICIOUS_MOVE = YES;
				CLANG_WARN_UNREACHABLE_CODE = YES;
				CLANG_WARN__DUPLICATE_METHOD_MATCH = YES;
				COPY_PHASE_STRIP = NO;
				DEBUG_INFORMATION_FORMAT = "dwarf-with-dsym";
				ENABLE_NS_ASSERTIONS = NO;
				ENABLE_STRICT_OBJC_MSGSEND = YES;
				GCC_C_LANGUAGE_STANDARD = gnu99;
				GCC_NO_COMMON_BLOCKS = YES;
				GCC_WARN_64_TO_32_BIT_CONVERSION = YES;
				GCC_WARN_ABOUT_RETURN_TYPE = YES_ERROR;
				GCC_WARN_UNDECLARED_SELECTOR = YES;
				GCC_WARN_UNINITIALIZED_AUTOS = YES_AGGRESSIVE;
				GCC_WARN_UNUSED_FUNCTION = YES;
				GCC_WARN_UNUSED_VARIABLE = YES;
				MACOSX_DEPLOYMENT_TARGET = 10.11;
				MTL_ENABLE_DEBUG_INFO = NO;
				SDKROOT = macosx;
				SWIFT_OPTIMIZATION_LEVEL = "-Owholemodule";
				SWIFT_SWIFT3_OBJC_INFERENCE = Off;
				SWIFT_VERSION = 4.0;
			};
			name = Release;
		};
		99B9E49B1D40EBF900738100 /* Debug */ = {
			isa = XCBuildConfiguration;
			buildSettings = {
				CLANG_ENABLE_MODULES = YES;
				DEVELOPMENT_TEAM = "";
				LD_RUNPATH_SEARCH_PATHS = "$(inherited) @executable_path/../Frameworks @loader_path/../Frameworks";
				PRODUCT_NAME = "$(TARGET_NAME)";
				PROVISIONING_PROFILE_SPECIFIER = "";
				SWIFT_OPTIMIZATION_LEVEL = "-Onone";
			};
			name = Debug;
		};
		99B9E49C1D40EBF900738100 /* Release */ = {
			isa = XCBuildConfiguration;
			buildSettings = {
				CLANG_ENABLE_MODULES = YES;
				DEVELOPMENT_TEAM = "";
				LD_RUNPATH_SEARCH_PATHS = "$(inherited) @executable_path/../Frameworks @loader_path/../Frameworks";
				PRODUCT_NAME = "$(TARGET_NAME)";
				PROVISIONING_PROFILE_SPECIFIER = "";
			};
			name = Release;
		};
/* End XCBuildConfiguration section */

/* Begin XCConfigurationList section */
		6252987A22D87DF900082EC3 /* Build configuration list for PBXNativeTarget "regen-tests" */ = {
			isa = XCConfigurationList;
			buildConfigurations = (
				6252987B22D87DF900082EC3 /* Debug */,
				6252987C22D87DF900082EC3 /* Release */,
			);
			defaultConfigurationIsVisible = 0;
			defaultConfigurationName = Release;
		};
		99B9E48E1D40EBF900738100 /* Build configuration list for PBXProject "regen" */ = {
			isa = XCConfigurationList;
			buildConfigurations = (
				99B9E4981D40EBF900738100 /* Debug */,
				99B9E4991D40EBF900738100 /* Release */,
			);
			defaultConfigurationIsVisible = 0;
			defaultConfigurationName = Release;
		};
		99B9E49A1D40EBF900738100 /* Build configuration list for PBXNativeTarget "regen" */ = {
			isa = XCConfigurationList;
			buildConfigurations = (
				99B9E49B1D40EBF900738100 /* Debug */,
				99B9E49C1D40EBF900738100 /* Release */,
			);
			defaultConfigurationIsVisible = 0;
			defaultConfigurationName = Release;
		};
/* End XCConfigurationList section */
	};
	rootObject = 99B9E48B1D40EBF900738100 /* Project object */;
}
